// !$*UTF8*$!
{
	archiveVersion = 1;
	classes = {
	};
	objectVersion = 50;
	objects = {

/* Begin PBXBuildFile section */
		D608BBE4252F6833009CC941 /* LightNavigationController.m in Sources */ = {isa = PBXBuildFile; fileRef = D608BBE3252F6833009CC941 /* LightNavigationController.m */; };
		D608BBEB252F6AAF009CC941 /* DashboardTabBarController.m in Sources */ = {isa = PBXBuildFile; fileRef = D608BBEA252F6AAF009CC941 /* DashboardTabBarController.m */; };
		D608BBF0252F6B64009CC941 /* BaseNavigationController.m in Sources */ = {isa = PBXBuildFile; fileRef = D608BBEF252F6B64009CC941 /* BaseNavigationController.m */; };
		D608BBF6252F6CC7009CC941 /* DarkNavigationController.m in Sources */ = {isa = PBXBuildFile; fileRef = D608BBF5252F6CC7009CC941 /* DarkNavigationController.m */; };
		D61CCC00251A13F100A91580 /* AppDelegate.m in Sources */ = {isa = PBXBuildFile; fileRef = D61CCBFF251A13F100A91580 /* AppDelegate.m */; };
		D61CCC11251A13F400A91580 /* main.m in Sources */ = {isa = PBXBuildFile; fileRef = D61CCC10251A13F400A91580 /* main.m */; };
		D62007A82544899F003D19A8 /* TableViewSection.m in Sources */ = {isa = PBXBuildFile; fileRef = D62007A72544899F003D19A8 /* TableViewSection.m */; };
		D6469AE025449F4D00C583FF /* UIColor+RandomColor.m in Sources */ = {isa = PBXBuildFile; fileRef = D6469ADF25449F4D00C583FF /* UIColor+RandomColor.m */; };
		D6469AE42544A27200C583FF /* ViewController01_BackgroundColor.m in Sources */ = {isa = PBXBuildFile; fileRef = D6469AE32544A27200C583FF /* ViewController01_BackgroundColor.m */; };
		D6627BF725472D8600DB2F55 /* ViewController1_Test.m in Sources */ = {isa = PBXBuildFile; fileRef = D6627BF625472D8600DB2F55 /* ViewController1_Test.m */; };
		D6627C002547301300DB2F55 /* ViewController07_ScrollChangeNavigationBar.m in Sources */ = {isa = PBXBuildFile; fileRef = D6627BFF2547301300DB2F55 /* ViewController07_ScrollChangeNavigationBar.m */; };
		D6627C052547338800DB2F55 /* FakeNavigationBar.m in Sources */ = {isa = PBXBuildFile; fileRef = D6627C042547338800DB2F55 /* FakeNavigationBar.m */; };
		D6627C0B2547486200DB2F55 /* ViewController04_JumpToViewController.m in Sources */ = {isa = PBXBuildFile; fileRef = D6627C0A2547486200DB2F55 /* ViewController04_JumpToViewController.m */; };
		D6627C10254748C900DB2F55 /* ViewController08_WebView.m in Sources */ = {isa = PBXBuildFile; fileRef = D6627C0F254748C900DB2F55 /* ViewController08_WebView.m */; };
		D696862D2530971A00FBC7A5 /* Assets.xcassets in Resources */ = {isa = PBXBuildFile; fileRef = D69686262530971A00FBC7A5 /* Assets.xcassets */; };
		D696863F253097C100FBC7A5 /* LaunchScreen.storyboard in Resources */ = {isa = PBXBuildFile; fileRef = D69686382530977F00FBC7A5 /* LaunchScreen.storyboard */; };
		D6968640253097C100FBC7A5 /* Main.storyboard in Resources */ = {isa = PBXBuildFile; fileRef = D69686362530977F00FBC7A5 /* Main.storyboard */; };
		D69F7AB22545E86F0097BB28 /* ViewController05_ShadowColor.m in Sources */ = {isa = PBXBuildFile; fileRef = D69F7AB12545E86F0097BB28 /* ViewController05_ShadowColor.m */; };
		D69F7AB62545E9090097BB28 /* ViewController06_ShadowImage.m in Sources */ = {isa = PBXBuildFile; fileRef = D69F7AB52545E9090097BB28 /* ViewController06_ShadowImage.m */; };
		D69F7ABA2545EADD0097BB28 /* ViewController12_ScrollViewWithFullScreen.m in Sources */ = {isa = PBXBuildFile; fileRef = D69F7AB92545EADD0097BB28 /* ViewController12_ScrollViewWithFullScreen.m */; };
		D69F7ABE2545ECAA0097BB28 /* ViewController11_ScrollView.m in Sources */ = {isa = PBXBuildFile; fileRef = D69F7ABD2545ECAA0097BB28 /* ViewController11_ScrollView.m */; };
		D69F7AC72545EFDD0097BB28 /* ViewController01_DisablePopGesture.m in Sources */ = {isa = PBXBuildFile; fileRef = D69F7AC62545EFDD0097BB28 /* ViewController01_DisablePopGesture.m */; };
		D69F7ACB2545F0730097BB28 /* ViewController02_FullPopGesture.m in Sources */ = {isa = PBXBuildFile; fileRef = D69F7ACA2545F0730097BB28 /* ViewController02_FullPopGesture.m */; };
		D69F7AD42545F3940097BB28 /* ViewController03_BackEventIntercept.m in Sources */ = {isa = PBXBuildFile; fileRef = D69F7AD32545F3940097BB28 /* ViewController03_BackEventIntercept.m */; };
		D69F7AD82545FB850097BB28 /* ViewController05_Custom.m in Sources */ = {isa = PBXBuildFile; fileRef = D69F7AD72545FB850097BB28 /* ViewController05_Custom.m */; };
		D69F7AFD25460C0B0097BB28 /* ViewController06_ClickEventHitToBack.m in Sources */ = {isa = PBXBuildFile; fileRef = D69F7AFC25460C0B0097BB28 /* ViewController06_ClickEventHitToBack.m */; };
		D6A9B2902545D66E000E4405 /* ViewController02_BackgroundImage.m in Sources */ = {isa = PBXBuildFile; fileRef = D6A9B28F2545D66E000E4405 /* ViewController02_BackgroundImage.m */; };
		D6A9B2972545D6EE000E4405 /* UIImage+NavigationBar.m in Sources */ = {isa = PBXBuildFile; fileRef = D6A9B2962545D6EE000E4405 /* UIImage+NavigationBar.m */; };
		D6A9B29D2545DAD5000E4405 /* ViewController03_Transparent.m in Sources */ = {isa = PBXBuildFile; fileRef = D6A9B29C2545DAD5000E4405 /* ViewController03_Transparent.m */; };
		D6A9B2A12545DB5A000E4405 /* ViewController04_Translucent.m in Sources */ = {isa = PBXBuildFile; fileRef = D6A9B2A02545DB5A000E4405 /* ViewController04_Translucent.m */; };
		D6A9B2A52545DFBA000E4405 /* ViewController07_CustomBackButtonImage.m in Sources */ = {isa = PBXBuildFile; fileRef = D6A9B2A42545DFBA000E4405 /* ViewController07_CustomBackButtonImage.m */; };
		D6A9B2A92545E069000E4405 /* ViewController08_CustomBackButton.m in Sources */ = {isa = PBXBuildFile; fileRef = D6A9B2A82545E069000E4405 /* ViewController08_CustomBackButton.m */; };
		D6B8A8FF2545E25D0038F92D /* ViewController09_Modal.m in Sources */ = {isa = PBXBuildFile; fileRef = D6B8A8FE2545E25D0038F92D /* ViewController09_Modal.m */; };
		D6B8A9092545E7120038F92D /* ViewController10_FullScreen.m in Sources */ = {isa = PBXBuildFile; fileRef = D6B8A9082545E7120038F92D /* ViewController10_FullScreen.m */; };
		D6E40253251FB71C001D7BEE /* UINavigationExtension.framework in Frameworks */ = {isa = PBXBuildFile; fileRef = D6E4024C251FB71C001D7BEE /* UINavigationExtension.framework */; };
		D6E40254251FB71C001D7BEE /* UINavigationExtension.framework in Embed Frameworks */ = {isa = PBXBuildFile; fileRef = D6E4024C251FB71C001D7BEE /* UINavigationExtension.framework */; settings = {ATTRIBUTES = (CodeSignOnCopy, RemoveHeadersOnCopy, ); }; };
		D6E40279251FBA5A001D7BEE /* UENavigationBar.m in Sources */ = {isa = PBXBuildFile; fileRef = D6E4E119251A55A500625171 /* UENavigationBar.m */; };
		D6E40284251FBA7D001D7BEE /* UINavigationExtensionMacro.h in Headers */ = {isa = PBXBuildFile; fileRef = D6BB8934251FB63700A674F7 /* UINavigationExtensionMacro.h */; settings = {ATTRIBUTES = (Public, ); }; };
		D6E40289251FBA8C001D7BEE /* UINavigationController+UINavigationExtension.m in Sources */ = {isa = PBXBuildFile; fileRef = D6E4E128251A75A800625171 /* UINavigationController+UINavigationExtension.m */; };
		D6E40290251FBA9D001D7BEE /* UIViewController+UINavigationExtension.m in Sources */ = {isa = PBXBuildFile; fileRef = D6E4E120251A5FF900625171 /* UIViewController+UINavigationExtension.m */; };
		D6E40292251FBAB0001D7BEE /* UENavigationBar.h in Headers */ = {isa = PBXBuildFile; fileRef = D6E4E118251A55A500625171 /* UENavigationBar.h */; settings = {ATTRIBUTES = (Public, ); }; };
		D6E40296251FBAB7001D7BEE /* UINavigationController+UINavigationExtension.h in Headers */ = {isa = PBXBuildFile; fileRef = D6E4E127251A75A800625171 /* UINavigationController+UINavigationExtension.h */; settings = {ATTRIBUTES = (Public, ); }; };
		D6E40298251FBABA001D7BEE /* UINavigationExtension.h in Headers */ = {isa = PBXBuildFile; fileRef = D6BB8933251FB63700A674F7 /* UINavigationExtension.h */; settings = {ATTRIBUTES = (Public, ); }; };
		D6E4029A251FBABF001D7BEE /* UIViewController+UINavigationExtension.h in Headers */ = {isa = PBXBuildFile; fileRef = D6E4E11F251A5FF900625171 /* UIViewController+UINavigationExtension.h */; settings = {ATTRIBUTES = (Public, ); }; };
		D6E402ED251FC08B001D7BEE /* BaseViewController.m in Sources */ = {isa = PBXBuildFile; fileRef = D6E402DC251FC08B001D7BEE /* BaseViewController.m */; };
		D6E40300251FC3F8001D7BEE /* MainTableViewController.m in Sources */ = {isa = PBXBuildFile; fileRef = D6E402FF251FC3F8001D7BEE /* MainTableViewController.m */; };
		D6EEC1162522529E004F243E /* UINavigationExtensionPrivate.m in Sources */ = {isa = PBXBuildFile; fileRef = D6EEC1142522529E004F243E /* UINavigationExtensionPrivate.m */; };
		D6EEC1172522529E004F243E /* UINavigationExtensionPrivate.h in Headers */ = {isa = PBXBuildFile; fileRef = D6EEC1152522529E004F243E /* UINavigationExtensionPrivate.h */; settings = {ATTRIBUTES = (Private, ); }; };
/* End PBXBuildFile section */

/* Begin PBXContainerItemProxy section */
		D6E40251251FB71C001D7BEE /* PBXContainerItemProxy */ = {
			isa = PBXContainerItemProxy;
			containerPortal = D61CCBF3251A13F100A91580 /* Project object */;
			proxyType = 1;
			remoteGlobalIDString = D6E4024B251FB71C001D7BEE;
			remoteInfo = UINavigationExtension;
		};
/* End PBXContainerItemProxy section */

/* Begin PBXCopyFilesBuildPhase section */
		D6E40255251FB71C001D7BEE /* Embed Frameworks */ = {
			isa = PBXCopyFilesBuildPhase;
			buildActionMask = 2147483647;
			dstPath = "";
			dstSubfolderSpec = 10;
			files = (
				D6E40254251FB71C001D7BEE /* UINavigationExtension.framework in Embed Frameworks */,
			);
			name = "Embed Frameworks";
			runOnlyForDeploymentPostprocessing = 0;
		};
/* End PBXCopyFilesBuildPhase section */

/* Begin PBXFileReference section */
		D608BBE2252F6833009CC941 /* LightNavigationController.h */ = {isa = PBXFileReference; lastKnownFileType = sourcecode.c.h; path = LightNavigationController.h; sourceTree = "<group>"; };
		D608BBE3252F6833009CC941 /* LightNavigationController.m */ = {isa = PBXFileReference; lastKnownFileType = sourcecode.c.objc; path = LightNavigationController.m; sourceTree = "<group>"; };
		D608BBE9252F6AAF009CC941 /* DashboardTabBarController.h */ = {isa = PBXFileReference; lastKnownFileType = sourcecode.c.h; path = DashboardTabBarController.h; sourceTree = "<group>"; };
		D608BBEA252F6AAF009CC941 /* DashboardTabBarController.m */ = {isa = PBXFileReference; lastKnownFileType = sourcecode.c.objc; path = DashboardTabBarController.m; sourceTree = "<group>"; };
		D608BBEE252F6B64009CC941 /* BaseNavigationController.h */ = {isa = PBXFileReference; lastKnownFileType = sourcecode.c.h; path = BaseNavigationController.h; sourceTree = "<group>"; };
		D608BBEF252F6B64009CC941 /* BaseNavigationController.m */ = {isa = PBXFileReference; lastKnownFileType = sourcecode.c.objc; path = BaseNavigationController.m; sourceTree = "<group>"; };
		D608BBF4252F6CC7009CC941 /* DarkNavigationController.h */ = {isa = PBXFileReference; lastKnownFileType = sourcecode.c.h; path = DarkNavigationController.h; sourceTree = "<group>"; };
		D608BBF5252F6CC7009CC941 /* DarkNavigationController.m */ = {isa = PBXFileReference; lastKnownFileType = sourcecode.c.objc; path = DarkNavigationController.m; sourceTree = "<group>"; };
		D61CCBFB251A13F100A91580 /* UINavigationExtensionDemo.app */ = {isa = PBXFileReference; explicitFileType = wrapper.application; includeInIndex = 0; path = UINavigationExtensionDemo.app; sourceTree = BUILT_PRODUCTS_DIR; };
		D61CCBFE251A13F100A91580 /* AppDelegate.h */ = {isa = PBXFileReference; lastKnownFileType = sourcecode.c.h; path = AppDelegate.h; sourceTree = "<group>"; };
		D61CCBFF251A13F100A91580 /* AppDelegate.m */ = {isa = PBXFileReference; lastKnownFileType = sourcecode.c.objc; path = AppDelegate.m; sourceTree = "<group>"; };
		D61CCC10251A13F400A91580 /* main.m */ = {isa = PBXFileReference; lastKnownFileType = sourcecode.c.objc; path = main.m; sourceTree = "<group>"; };
		D62007A62544899F003D19A8 /* TableViewSection.h */ = {isa = PBXFileReference; lastKnownFileType = sourcecode.c.h; path = TableViewSection.h; sourceTree = "<group>"; };
		D62007A72544899F003D19A8 /* TableViewSection.m */ = {isa = PBXFileReference; lastKnownFileType = sourcecode.c.objc; path = TableViewSection.m; sourceTree = "<group>"; };
		D6469ADE25449F4D00C583FF /* UIColor+RandomColor.h */ = {isa = PBXFileReference; lastKnownFileType = sourcecode.c.h; path = "UIColor+RandomColor.h"; sourceTree = "<group>"; };
		D6469ADF25449F4D00C583FF /* UIColor+RandomColor.m */ = {isa = PBXFileReference; lastKnownFileType = sourcecode.c.objc; path = "UIColor+RandomColor.m"; sourceTree = "<group>"; };
		D6469AE22544A27200C583FF /* ViewController01_BackgroundColor.h */ = {isa = PBXFileReference; lastKnownFileType = sourcecode.c.h; path = ViewController01_BackgroundColor.h; sourceTree = "<group>"; };
		D6469AE32544A27200C583FF /* ViewController01_BackgroundColor.m */ = {isa = PBXFileReference; lastKnownFileType = sourcecode.c.objc; path = ViewController01_BackgroundColor.m; sourceTree = "<group>"; };
		D6627BF525472D8600DB2F55 /* ViewController1_Test.h */ = {isa = PBXFileReference; lastKnownFileType = sourcecode.c.h; path = ViewController1_Test.h; sourceTree = "<group>"; };
		D6627BF625472D8600DB2F55 /* ViewController1_Test.m */ = {isa = PBXFileReference; lastKnownFileType = sourcecode.c.objc; path = ViewController1_Test.m; sourceTree = "<group>"; };
		D6627BFE2547301300DB2F55 /* ViewController07_ScrollChangeNavigationBar.h */ = {isa = PBXFileReference; lastKnownFileType = sourcecode.c.h; path = ViewController07_ScrollChangeNavigationBar.h; sourceTree = "<group>"; };
		D6627BFF2547301300DB2F55 /* ViewController07_ScrollChangeNavigationBar.m */ = {isa = PBXFileReference; lastKnownFileType = sourcecode.c.objc; path = ViewController07_ScrollChangeNavigationBar.m; sourceTree = "<group>"; };
		D6627C032547338800DB2F55 /* FakeNavigationBar.h */ = {isa = PBXFileReference; lastKnownFileType = sourcecode.c.h; path = FakeNavigationBar.h; sourceTree = "<group>"; };
		D6627C042547338800DB2F55 /* FakeNavigationBar.m */ = {isa = PBXFileReference; lastKnownFileType = sourcecode.c.objc; path = FakeNavigationBar.m; sourceTree = "<group>"; };
		D6627C092547486200DB2F55 /* ViewController04_JumpToViewController.h */ = {isa = PBXFileReference; lastKnownFileType = sourcecode.c.h; path = ViewController04_JumpToViewController.h; sourceTree = "<group>"; };
		D6627C0A2547486200DB2F55 /* ViewController04_JumpToViewController.m */ = {isa = PBXFileReference; lastKnownFileType = sourcecode.c.objc; path = ViewController04_JumpToViewController.m; sourceTree = "<group>"; };
		D6627C0E254748C900DB2F55 /* ViewController08_WebView.h */ = {isa = PBXFileReference; lastKnownFileType = sourcecode.c.h; path = ViewController08_WebView.h; sourceTree = "<group>"; };
		D6627C0F254748C900DB2F55 /* ViewController08_WebView.m */ = {isa = PBXFileReference; lastKnownFileType = sourcecode.c.objc; path = ViewController08_WebView.m; sourceTree = "<group>"; };
		D69686232530970400FBC7A5 /* Info.plist */ = {isa = PBXFileReference; lastKnownFileType = text.plist.xml; path = Info.plist; sourceTree = "<group>"; };
		D69686252530971A00FBC7A5 /* Info.plist */ = {isa = PBXFileReference; fileEncoding = 4; lastKnownFileType = text.plist.xml; path = Info.plist; sourceTree = "<group>"; };
		D69686262530971A00FBC7A5 /* Assets.xcassets */ = {isa = PBXFileReference; lastKnownFileType = folder.assetcatalog; path = Assets.xcassets; sourceTree = "<group>"; };
		D69686372530977F00FBC7A5 /* Base */ = {isa = PBXFileReference; lastKnownFileType = file.storyboard; name = Base; path = Base.lproj/Main.storyboard; sourceTree = "<group>"; };
		D69686392530977F00FBC7A5 /* Base */ = {isa = PBXFileReference; lastKnownFileType = file.storyboard; name = Base; path = Base.lproj/LaunchScreen.storyboard; sourceTree = "<group>"; };
		D69F7AB02545E86F0097BB28 /* ViewController05_ShadowColor.h */ = {isa = PBXFileReference; lastKnownFileType = sourcecode.c.h; path = ViewController05_ShadowColor.h; sourceTree = "<group>"; };
		D69F7AB12545E86F0097BB28 /* ViewController05_ShadowColor.m */ = {isa = PBXFileReference; lastKnownFileType = sourcecode.c.objc; path = ViewController05_ShadowColor.m; sourceTree = "<group>"; };
		D69F7AB42545E9090097BB28 /* ViewController06_ShadowImage.h */ = {isa = PBXFileReference; lastKnownFileType = sourcecode.c.h; path = ViewController06_ShadowImage.h; sourceTree = "<group>"; };
		D69F7AB52545E9090097BB28 /* ViewController06_ShadowImage.m */ = {isa = PBXFileReference; lastKnownFileType = sourcecode.c.objc; path = ViewController06_ShadowImage.m; sourceTree = "<group>"; };
		D69F7AB82545EADD0097BB28 /* ViewController12_ScrollViewWithFullScreen.h */ = {isa = PBXFileReference; lastKnownFileType = sourcecode.c.h; path = ViewController12_ScrollViewWithFullScreen.h; sourceTree = "<group>"; };
		D69F7AB92545EADD0097BB28 /* ViewController12_ScrollViewWithFullScreen.m */ = {isa = PBXFileReference; lastKnownFileType = sourcecode.c.objc; path = ViewController12_ScrollViewWithFullScreen.m; sourceTree = "<group>"; };
		D69F7ABC2545ECAA0097BB28 /* ViewController11_ScrollView.h */ = {isa = PBXFileReference; lastKnownFileType = sourcecode.c.h; path = ViewController11_ScrollView.h; sourceTree = "<group>"; };
		D69F7ABD2545ECAA0097BB28 /* ViewController11_ScrollView.m */ = {isa = PBXFileReference; lastKnownFileType = sourcecode.c.objc; path = ViewController11_ScrollView.m; sourceTree = "<group>"; };
		D69F7AC52545EFDD0097BB28 /* ViewController01_DisablePopGesture.h */ = {isa = PBXFileReference; lastKnownFileType = sourcecode.c.h; path = ViewController01_DisablePopGesture.h; sourceTree = "<group>"; };
		D69F7AC62545EFDD0097BB28 /* ViewController01_DisablePopGesture.m */ = {isa = PBXFileReference; lastKnownFileType = sourcecode.c.objc; path = ViewController01_DisablePopGesture.m; sourceTree = "<group>"; };
		D69F7AC92545F0730097BB28 /* ViewController02_FullPopGesture.h */ = {isa = PBXFileReference; lastKnownFileType = sourcecode.c.h; path = ViewController02_FullPopGesture.h; sourceTree = "<group>"; };
		D69F7ACA2545F0730097BB28 /* ViewController02_FullPopGesture.m */ = {isa = PBXFileReference; lastKnownFileType = sourcecode.c.objc; path = ViewController02_FullPopGesture.m; sourceTree = "<group>"; };
		D69F7AD22545F3940097BB28 /* ViewController03_BackEventIntercept.h */ = {isa = PBXFileReference; lastKnownFileType = sourcecode.c.h; path = ViewController03_BackEventIntercept.h; sourceTree = "<group>"; };
		D69F7AD32545F3940097BB28 /* ViewController03_BackEventIntercept.m */ = {isa = PBXFileReference; lastKnownFileType = sourcecode.c.objc; path = ViewController03_BackEventIntercept.m; sourceTree = "<group>"; };
		D69F7AD62545FB850097BB28 /* ViewController05_Custom.h */ = {isa = PBXFileReference; lastKnownFileType = sourcecode.c.h; path = ViewController05_Custom.h; sourceTree = "<group>"; };
		D69F7AD72545FB850097BB28 /* ViewController05_Custom.m */ = {isa = PBXFileReference; lastKnownFileType = sourcecode.c.objc; path = ViewController05_Custom.m; sourceTree = "<group>"; };
		D69F7AFB25460C0B0097BB28 /* ViewController06_ClickEventHitToBack.h */ = {isa = PBXFileReference; lastKnownFileType = sourcecode.c.h; path = ViewController06_ClickEventHitToBack.h; sourceTree = "<group>"; };
		D69F7AFC25460C0B0097BB28 /* ViewController06_ClickEventHitToBack.m */ = {isa = PBXFileReference; lastKnownFileType = sourcecode.c.objc; path = ViewController06_ClickEventHitToBack.m; sourceTree = "<group>"; };
		D6A9B28E2545D66E000E4405 /* ViewController02_BackgroundImage.h */ = {isa = PBXFileReference; lastKnownFileType = sourcecode.c.h; path = ViewController02_BackgroundImage.h; sourceTree = "<group>"; };
		D6A9B28F2545D66E000E4405 /* ViewController02_BackgroundImage.m */ = {isa = PBXFileReference; lastKnownFileType = sourcecode.c.objc; path = ViewController02_BackgroundImage.m; sourceTree = "<group>"; };
		D6A9B2952545D6EE000E4405 /* UIImage+NavigationBar.h */ = {isa = PBXFileReference; lastKnownFileType = sourcecode.c.h; path = "UIImage+NavigationBar.h"; sourceTree = "<group>"; };
		D6A9B2962545D6EE000E4405 /* UIImage+NavigationBar.m */ = {isa = PBXFileReference; lastKnownFileType = sourcecode.c.objc; path = "UIImage+NavigationBar.m"; sourceTree = "<group>"; };
		D6A9B29B2545DAD5000E4405 /* ViewController03_Transparent.h */ = {isa = PBXFileReference; lastKnownFileType = sourcecode.c.h; path = ViewController03_Transparent.h; sourceTree = "<group>"; };
		D6A9B29C2545DAD5000E4405 /* ViewController03_Transparent.m */ = {isa = PBXFileReference; lastKnownFileType = sourcecode.c.objc; path = ViewController03_Transparent.m; sourceTree = "<group>"; };
		D6A9B29F2545DB5A000E4405 /* ViewController04_Translucent.h */ = {isa = PBXFileReference; lastKnownFileType = sourcecode.c.h; path = ViewController04_Translucent.h; sourceTree = "<group>"; };
		D6A9B2A02545DB5A000E4405 /* ViewController04_Translucent.m */ = {isa = PBXFileReference; lastKnownFileType = sourcecode.c.objc; path = ViewController04_Translucent.m; sourceTree = "<group>"; };
		D6A9B2A32545DFBA000E4405 /* ViewController07_CustomBackButtonImage.h */ = {isa = PBXFileReference; lastKnownFileType = sourcecode.c.h; path = ViewController07_CustomBackButtonImage.h; sourceTree = "<group>"; };
		D6A9B2A42545DFBA000E4405 /* ViewController07_CustomBackButtonImage.m */ = {isa = PBXFileReference; lastKnownFileType = sourcecode.c.objc; path = ViewController07_CustomBackButtonImage.m; sourceTree = "<group>"; };
		D6A9B2A72545E069000E4405 /* ViewController08_CustomBackButton.h */ = {isa = PBXFileReference; lastKnownFileType = sourcecode.c.h; path = ViewController08_CustomBackButton.h; sourceTree = "<group>"; };
		D6A9B2A82545E069000E4405 /* ViewController08_CustomBackButton.m */ = {isa = PBXFileReference; lastKnownFileType = sourcecode.c.objc; path = ViewController08_CustomBackButton.m; sourceTree = "<group>"; };
		D6B8A8FD2545E25D0038F92D /* ViewController09_Modal.h */ = {isa = PBXFileReference; lastKnownFileType = sourcecode.c.h; path = ViewController09_Modal.h; sourceTree = "<group>"; };
		D6B8A8FE2545E25D0038F92D /* ViewController09_Modal.m */ = {isa = PBXFileReference; lastKnownFileType = sourcecode.c.objc; path = ViewController09_Modal.m; sourceTree = "<group>"; };
		D6B8A9072545E7120038F92D /* ViewController10_FullScreen.h */ = {isa = PBXFileReference; lastKnownFileType = sourcecode.c.h; path = ViewController10_FullScreen.h; sourceTree = "<group>"; };
		D6B8A9082545E7120038F92D /* ViewController10_FullScreen.m */ = {isa = PBXFileReference; lastKnownFileType = sourcecode.c.objc; path = ViewController10_FullScreen.m; sourceTree = "<group>"; };
		D6BB8933251FB63700A674F7 /* UINavigationExtension.h */ = {isa = PBXFileReference; fileEncoding = 4; lastKnownFileType = sourcecode.c.h; path = UINavigationExtension.h; sourceTree = "<group>"; };
		D6BB8934251FB63700A674F7 /* UINavigationExtensionMacro.h */ = {isa = PBXFileReference; fileEncoding = 4; lastKnownFileType = sourcecode.c.h; path = UINavigationExtensionMacro.h; sourceTree = "<group>"; };
		D6E4024C251FB71C001D7BEE /* UINavigationExtension.framework */ = {isa = PBXFileReference; explicitFileType = wrapper.framework; includeInIndex = 0; path = UINavigationExtension.framework; sourceTree = BUILT_PRODUCTS_DIR; };
		D6E402DC251FC08B001D7BEE /* BaseViewController.m */ = {isa = PBXFileReference; fileEncoding = 4; lastKnownFileType = sourcecode.c.objc; path = BaseViewController.m; sourceTree = "<group>"; };
		D6E402E1251FC08B001D7BEE /* BaseViewController.h */ = {isa = PBXFileReference; fileEncoding = 4; lastKnownFileType = sourcecode.c.h; path = BaseViewController.h; sourceTree = "<group>"; };
		D6E402FE251FC3F8001D7BEE /* MainTableViewController.h */ = {isa = PBXFileReference; lastKnownFileType = sourcecode.c.h; path = MainTableViewController.h; sourceTree = "<group>"; };
		D6E402FF251FC3F8001D7BEE /* MainTableViewController.m */ = {isa = PBXFileReference; lastKnownFileType = sourcecode.c.objc; path = MainTableViewController.m; sourceTree = "<group>"; };
		D6E4E118251A55A500625171 /* UENavigationBar.h */ = {isa = PBXFileReference; lastKnownFileType = sourcecode.c.h; path = UENavigationBar.h; sourceTree = "<group>"; };
		D6E4E119251A55A500625171 /* UENavigationBar.m */ = {isa = PBXFileReference; lastKnownFileType = sourcecode.c.objc; path = UENavigationBar.m; sourceTree = "<group>"; };
		D6E4E11F251A5FF900625171 /* UIViewController+UINavigationExtension.h */ = {isa = PBXFileReference; lastKnownFileType = sourcecode.c.h; path = "UIViewController+UINavigationExtension.h"; sourceTree = "<group>"; };
		D6E4E120251A5FF900625171 /* UIViewController+UINavigationExtension.m */ = {isa = PBXFileReference; lastKnownFileType = sourcecode.c.objc; path = "UIViewController+UINavigationExtension.m"; sourceTree = "<group>"; };
		D6E4E127251A75A800625171 /* UINavigationController+UINavigationExtension.h */ = {isa = PBXFileReference; lastKnownFileType = sourcecode.c.h; path = "UINavigationController+UINavigationExtension.h"; sourceTree = "<group>"; };
		D6E4E128251A75A800625171 /* UINavigationController+UINavigationExtension.m */ = {isa = PBXFileReference; lastKnownFileType = sourcecode.c.objc; path = "UINavigationController+UINavigationExtension.m"; sourceTree = "<group>"; };
		D6EEC1142522529E004F243E /* UINavigationExtensionPrivate.m */ = {isa = PBXFileReference; fileEncoding = 4; lastKnownFileType = sourcecode.c.objc; path = UINavigationExtensionPrivate.m; sourceTree = "<group>"; };
		D6EEC1152522529E004F243E /* UINavigationExtensionPrivate.h */ = {isa = PBXFileReference; fileEncoding = 4; lastKnownFileType = sourcecode.c.h; path = UINavigationExtensionPrivate.h; sourceTree = "<group>"; };
/* End PBXFileReference section */

/* Begin PBXFrameworksBuildPhase section */
		D61CCBF8251A13F100A91580 /* Frameworks */ = {
			isa = PBXFrameworksBuildPhase;
			buildActionMask = 2147483647;
			files = (
				D6E40253251FB71C001D7BEE /* UINavigationExtension.framework in Frameworks */,
			);
			runOnlyForDeploymentPostprocessing = 0;
		};
		D6E40249251FB71C001D7BEE /* Frameworks */ = {
			isa = PBXFrameworksBuildPhase;
			buildActionMask = 2147483647;
			files = (
			);
			runOnlyForDeploymentPostprocessing = 0;
		};
/* End PBXFrameworksBuildPhase section */

/* Begin PBXGroup section */
		D608BBE1252F67B5009CC941 /* Light */ = {
			isa = PBXGroup;
			children = (
				D659E4C525449C340081DA9D /* Controllers */,
			);
			path = Light;
			sourceTree = "<group>";
		};
		D608BBE7252F6A92009CC941 /* Common */ = {
			isa = PBXGroup;
			children = (
				D62007A425448931003D19A8 /* Models */,
				D69F7B052546138D0097BB28 /* ViewControllers */,
			);
			path = Common;
			sourceTree = "<group>";
		};
		D608BBF2252F6C9E009CC941 /* Dark */ = {
			isa = PBXGroup;
			children = (
				D659E4C425449C260081DA9D /* Controllers */,
			);
			path = Dark;
			sourceTree = "<group>";
		};
		D61CCBF2251A13F100A91580 = {
			isa = PBXGroup;
			children = (
				D6E4024D251FB71C001D7BEE /* UINavigationExtension */,
				D61CCBFD251A13F100A91580 /* UINavigationExtensionDemo */,
				D61CCBFC251A13F100A91580 /* Products */,
			);
			sourceTree = "<group>";
		};
		D61CCBFC251A13F100A91580 /* Products */ = {
			isa = PBXGroup;
			children = (
				D61CCBFB251A13F100A91580 /* UINavigationExtensionDemo.app */,
				D6E4024C251FB71C001D7BEE /* UINavigationExtension.framework */,
			);
			name = Products;
			sourceTree = "<group>";
		};
		D61CCBFD251A13F100A91580 /* UINavigationExtensionDemo */ = {
			isa = PBXGroup;
			children = (
				D6469ADD25449F2B00C583FF /* Category */,
				D608BBE7252F6A92009CC941 /* Common */,
				D608BBF2252F6C9E009CC941 /* Dark */,
				D69F7B06254613E70097BB28 /* Details */,
				D608BBE1252F67B5009CC941 /* Light */,
				D6E402D8251FC02B001D7BEE /* Supporting Files */,
			);
			path = UINavigationExtensionDemo;
			sourceTree = "<group>";
		};
		D62007A425448931003D19A8 /* Models */ = {
			isa = PBXGroup;
			children = (
				D62007A62544899F003D19A8 /* TableViewSection.h */,
				D62007A72544899F003D19A8 /* TableViewSection.m */,
			);
			path = Models;
			sourceTree = "<group>";
		};
		D6469ADD25449F2B00C583FF /* Category */ = {
			isa = PBXGroup;
			children = (
				D6469ADE25449F4D00C583FF /* UIColor+RandomColor.h */,
				D6469ADF25449F4D00C583FF /* UIColor+RandomColor.m */,
				D6A9B2952545D6EE000E4405 /* UIImage+NavigationBar.h */,
				D6A9B2962545D6EE000E4405 /* UIImage+NavigationBar.m */,
			);
			path = Category;
			sourceTree = "<group>";
		};
		D659E4C225449BFA0081DA9D /* Controllers */ = {
			isa = PBXGroup;
			children = (
				D69F7AC42545EFB30097BB28 /* Advanced */,
				D6A9B2AB2545E072000E4405 /* Basic */,
			);
			path = Controllers;
			sourceTree = "<group>";
		};
		D659E4C425449C260081DA9D /* Controllers */ = {
			isa = PBXGroup;
			children = (
				D608BBF4252F6CC7009CC941 /* DarkNavigationController.h */,
				D608BBF5252F6CC7009CC941 /* DarkNavigationController.m */,
			);
			path = Controllers;
			sourceTree = "<group>";
		};
		D659E4C525449C340081DA9D /* Controllers */ = {
			isa = PBXGroup;
			children = (
				D608BBE2252F6833009CC941 /* LightNavigationController.h */,
				D608BBE3252F6833009CC941 /* LightNavigationController.m */,
			);
			path = Controllers;
			sourceTree = "<group>";
		};
		D6627BF325472D5400DB2F55 /* Tests */ = {
			isa = PBXGroup;
			children = (
				D6627BF525472D8600DB2F55 /* ViewController1_Test.h */,
				D6627BF625472D8600DB2F55 /* ViewController1_Test.m */,
			);
			path = Tests;
			sourceTree = "<group>";
		};
		D6627BF425472D6400DB2F55 /* Base */ = {
			isa = PBXGroup;
			children = (
				D608BBEE252F6B64009CC941 /* BaseNavigationController.h */,
				D608BBEF252F6B64009CC941 /* BaseNavigationController.m */,
				D6E402E1251FC08B001D7BEE /* BaseViewController.h */,
				D6E402DC251FC08B001D7BEE /* BaseViewController.m */,
				D608BBE9252F6AAF009CC941 /* DashboardTabBarController.h */,
				D608BBEA252F6AAF009CC941 /* DashboardTabBarController.m */,
				D6E402FE251FC3F8001D7BEE /* MainTableViewController.h */,
				D6E402FF251FC3F8001D7BEE /* MainTableViewController.m */,
			);
			path = Base;
			sourceTree = "<group>";
		};
		D6627C022547337600DB2F55 /* Views */ = {
			isa = PBXGroup;
			children = (
				D6627C032547338800DB2F55 /* FakeNavigationBar.h */,
				D6627C042547338800DB2F55 /* FakeNavigationBar.m */,
			);
			path = Views;
			sourceTree = "<group>";
		};
		D69F7AC42545EFB30097BB28 /* Advanced */ = {
			isa = PBXGroup;
			children = (
				D69F7AC52545EFDD0097BB28 /* ViewController01_DisablePopGesture.h */,
				D69F7AC62545EFDD0097BB28 /* ViewController01_DisablePopGesture.m */,
				D69F7AC92545F0730097BB28 /* ViewController02_FullPopGesture.h */,
				D69F7ACA2545F0730097BB28 /* ViewController02_FullPopGesture.m */,
				D69F7AD22545F3940097BB28 /* ViewController03_BackEventIntercept.h */,
				D69F7AD32545F3940097BB28 /* ViewController03_BackEventIntercept.m */,
				D6627C092547486200DB2F55 /* ViewController04_JumpToViewController.h */,
				D6627C0A2547486200DB2F55 /* ViewController04_JumpToViewController.m */,
				D69F7AD62545FB850097BB28 /* ViewController05_Custom.h */,
				D69F7AD72545FB850097BB28 /* ViewController05_Custom.m */,
				D69F7AFB25460C0B0097BB28 /* ViewController06_ClickEventHitToBack.h */,
				D69F7AFC25460C0B0097BB28 /* ViewController06_ClickEventHitToBack.m */,
				D6627BFE2547301300DB2F55 /* ViewController07_ScrollChangeNavigationBar.h */,
				D6627BFF2547301300DB2F55 /* ViewController07_ScrollChangeNavigationBar.m */,
				D6627C0E254748C900DB2F55 /* ViewController08_WebView.h */,
				D6627C0F254748C900DB2F55 /* ViewController08_WebView.m */,
			);
			path = Advanced;
			sourceTree = "<group>";
		};
		D69F7B052546138D0097BB28 /* ViewControllers */ = {
			isa = PBXGroup;
			children = (
				D6627BF425472D6400DB2F55 /* Base */,
				D6627BF325472D5400DB2F55 /* Tests */,
			);
			path = ViewControllers;
			sourceTree = "<group>";
		};
		D69F7B06254613E70097BB28 /* Details */ = {
			isa = PBXGroup;
			children = (
				D6627C022547337600DB2F55 /* Views */,
				D659E4C225449BFA0081DA9D /* Controllers */,
			);
			path = Details;
			sourceTree = "<group>";
		};
		D6A9B2AB2545E072000E4405 /* Basic */ = {
			isa = PBXGroup;
			children = (
				D6469AE22544A27200C583FF /* ViewController01_BackgroundColor.h */,
				D6469AE32544A27200C583FF /* ViewController01_BackgroundColor.m */,
				D6A9B28E2545D66E000E4405 /* ViewController02_BackgroundImage.h */,
				D6A9B28F2545D66E000E4405 /* ViewController02_BackgroundImage.m */,
				D6A9B29B2545DAD5000E4405 /* ViewController03_Transparent.h */,
				D6A9B29C2545DAD5000E4405 /* ViewController03_Transparent.m */,
				D6A9B29F2545DB5A000E4405 /* ViewController04_Translucent.h */,
				D6A9B2A02545DB5A000E4405 /* ViewController04_Translucent.m */,
				D69F7AB02545E86F0097BB28 /* ViewController05_ShadowColor.h */,
				D69F7AB12545E86F0097BB28 /* ViewController05_ShadowColor.m */,
				D69F7AB42545E9090097BB28 /* ViewController06_ShadowImage.h */,
				D69F7AB52545E9090097BB28 /* ViewController06_ShadowImage.m */,
				D6A9B2A32545DFBA000E4405 /* ViewController07_CustomBackButtonImage.h */,
				D6A9B2A42545DFBA000E4405 /* ViewController07_CustomBackButtonImage.m */,
				D6A9B2A72545E069000E4405 /* ViewController08_CustomBackButton.h */,
				D6A9B2A82545E069000E4405 /* ViewController08_CustomBackButton.m */,
				D6B8A8FD2545E25D0038F92D /* ViewController09_Modal.h */,
				D6B8A8FE2545E25D0038F92D /* ViewController09_Modal.m */,
				D6B8A9072545E7120038F92D /* ViewController10_FullScreen.h */,
				D6B8A9082545E7120038F92D /* ViewController10_FullScreen.m */,
				D69F7ABC2545ECAA0097BB28 /* ViewController11_ScrollView.h */,
				D69F7ABD2545ECAA0097BB28 /* ViewController11_ScrollView.m */,
				D69F7AB82545EADD0097BB28 /* ViewController12_ScrollViewWithFullScreen.h */,
				D69F7AB92545EADD0097BB28 /* ViewController12_ScrollViewWithFullScreen.m */,
			);
			path = Basic;
			sourceTree = "<group>";
		};
		D6E4024D251FB71C001D7BEE /* UINavigationExtension */ = {
			isa = PBXGroup;
			children = (
				D6E4E112251A533700625171 /* Source */,
				D69686232530970400FBC7A5 /* Info.plist */,
			);
			path = UINavigationExtension;
			sourceTree = "<group>";
		};
		D6E402D8251FC02B001D7BEE /* Supporting Files */ = {
			isa = PBXGroup;
			children = (
				D61CCBFE251A13F100A91580 /* AppDelegate.h */,
				D61CCBFF251A13F100A91580 /* AppDelegate.m */,
				D69686262530971A00FBC7A5 /* Assets.xcassets */,
				D69686252530971A00FBC7A5 /* Info.plist */,
				D69686382530977F00FBC7A5 /* LaunchScreen.storyboard */,
				D69686362530977F00FBC7A5 /* Main.storyboard */,
				D61CCC10251A13F400A91580 /* main.m */,
			);
			path = "Supporting Files";
			sourceTree = "<group>";
		};
		D6E4E112251A533700625171 /* Source */ = {
			isa = PBXGroup;
			children = (
				D6E4E118251A55A500625171 /* UENavigationBar.h */,
				D6E4E119251A55A500625171 /* UENavigationBar.m */,
				D6E4E127251A75A800625171 /* UINavigationController+UINavigationExtension.h */,
				D6E4E128251A75A800625171 /* UINavigationController+UINavigationExtension.m */,
				D6BB8933251FB63700A674F7 /* UINavigationExtension.h */,
				D6BB8934251FB63700A674F7 /* UINavigationExtensionMacro.h */,
				D6EEC1152522529E004F243E /* UINavigationExtensionPrivate.h */,
				D6EEC1142522529E004F243E /* UINavigationExtensionPrivate.m */,
				D6E4E11F251A5FF900625171 /* UIViewController+UINavigationExtension.h */,
				D6E4E120251A5FF900625171 /* UIViewController+UINavigationExtension.m */,
			);
			path = Source;
			sourceTree = "<group>";
		};
/* End PBXGroup section */

/* Begin PBXHeadersBuildPhase section */
		D6E40247251FB71C001D7BEE /* Headers */ = {
			isa = PBXHeadersBuildPhase;
			buildActionMask = 2147483647;
			files = (
				D6E40296251FBAB7001D7BEE /* UINavigationController+UINavigationExtension.h in Headers */,
				D6E40292251FBAB0001D7BEE /* UENavigationBar.h in Headers */,
				D6E4029A251FBABF001D7BEE /* UIViewController+UINavigationExtension.h in Headers */,
				D6E40298251FBABA001D7BEE /* UINavigationExtension.h in Headers */,
				D6E40284251FBA7D001D7BEE /* UINavigationExtensionMacro.h in Headers */,
				D6EEC1172522529E004F243E /* UINavigationExtensionPrivate.h in Headers */,
			);
			runOnlyForDeploymentPostprocessing = 0;
		};
/* End PBXHeadersBuildPhase section */

/* Begin PBXNativeTarget section */
		D61CCBFA251A13F100A91580 /* UINavigationExtensionDemo */ = {
			isa = PBXNativeTarget;
			buildConfigurationList = D61CCC14251A13F400A91580 /* Build configuration list for PBXNativeTarget "UINavigationExtensionDemo" */;
			buildPhases = (
				D61CCBF7251A13F100A91580 /* Sources */,
				D61CCBF8251A13F100A91580 /* Frameworks */,
				D61CCBF9251A13F100A91580 /* Resources */,
				D6E40255251FB71C001D7BEE /* Embed Frameworks */,
			);
			buildRules = (
			);
			dependencies = (
				D6E40252251FB71C001D7BEE /* PBXTargetDependency */,
			);
			name = UINavigationExtensionDemo;
			productName = UINavigationExtension;
			productReference = D61CCBFB251A13F100A91580 /* UINavigationExtensionDemo.app */;
			productType = "com.apple.product-type.application";
		};
		D6E4024B251FB71C001D7BEE /* UINavigationExtension */ = {
			isa = PBXNativeTarget;
			buildConfigurationList = D6E40258251FB71C001D7BEE /* Build configuration list for PBXNativeTarget "UINavigationExtension" */;
			buildPhases = (
				D6E40247251FB71C001D7BEE /* Headers */,
				D6E40248251FB71C001D7BEE /* Sources */,
				D6E40249251FB71C001D7BEE /* Frameworks */,
				D6E4024A251FB71C001D7BEE /* Resources */,
			);
			buildRules = (
			);
			dependencies = (
			);
			name = UINavigationExtension;
			productName = UINavigationExtension;
			productReference = D6E4024C251FB71C001D7BEE /* UINavigationExtension.framework */;
			productType = "com.apple.product-type.framework";
		};
/* End PBXNativeTarget section */

/* Begin PBXProject section */
		D61CCBF3251A13F100A91580 /* Project object */ = {
			isa = PBXProject;
			attributes = {
				LastUpgradeCheck = 1200;
				ORGANIZATIONNAME = "";
				TargetAttributes = {
					D61CCBFA251A13F100A91580 = {
						CreatedOnToolsVersion = 12.0;
					};
					D6E4024B251FB71C001D7BEE = {
						CreatedOnToolsVersion = 12.0.1;
					};
				};
			};
			buildConfigurationList = D61CCBF6251A13F100A91580 /* Build configuration list for PBXProject "UINavigationExtension" */;
			compatibilityVersion = "Xcode 9.3";
			developmentRegion = en;
			hasScannedForEncodings = 0;
			knownRegions = (
				en,
				Base,
			);
			mainGroup = D61CCBF2251A13F100A91580;
			productRefGroup = D61CCBFC251A13F100A91580 /* Products */;
			projectDirPath = "";
			projectRoot = "";
			targets = (
				D61CCBFA251A13F100A91580 /* UINavigationExtensionDemo */,
				D6E4024B251FB71C001D7BEE /* UINavigationExtension */,
			);
		};
/* End PBXProject section */

/* Begin PBXResourcesBuildPhase section */
		D61CCBF9251A13F100A91580 /* Resources */ = {
			isa = PBXResourcesBuildPhase;
			buildActionMask = 2147483647;
			files = (
				D696863F253097C100FBC7A5 /* LaunchScreen.storyboard in Resources */,
				D6968640253097C100FBC7A5 /* Main.storyboard in Resources */,
				D696862D2530971A00FBC7A5 /* Assets.xcassets in Resources */,
			);
			runOnlyForDeploymentPostprocessing = 0;
		};
		D6E4024A251FB71C001D7BEE /* Resources */ = {
			isa = PBXResourcesBuildPhase;
			buildActionMask = 2147483647;
			files = (
			);
			runOnlyForDeploymentPostprocessing = 0;
		};
/* End PBXResourcesBuildPhase section */

/* Begin PBXSourcesBuildPhase section */
		D61CCBF7251A13F100A91580 /* Sources */ = {
			isa = PBXSourcesBuildPhase;
			buildActionMask = 2147483647;
			files = (
				D69F7ABA2545EADD0097BB28 /* ViewController12_ScrollViewWithFullScreen.m in Sources */,
				D69F7AC72545EFDD0097BB28 /* ViewController01_DisablePopGesture.m in Sources */,
				D6627C0B2547486200DB2F55 /* ViewController04_JumpToViewController.m in Sources */,
				D6A9B2A12545DB5A000E4405 /* ViewController04_Translucent.m in Sources */,
				D69F7AB62545E9090097BB28 /* ViewController06_ShadowImage.m in Sources */,
				D6627C10254748C900DB2F55 /* ViewController08_WebView.m in Sources */,
				D6469AE025449F4D00C583FF /* UIColor+RandomColor.m in Sources */,
				D6A9B2A52545DFBA000E4405 /* ViewController07_CustomBackButtonImage.m in Sources */,
				D69F7AB22545E86F0097BB28 /* ViewController05_ShadowColor.m in Sources */,
				D6A9B29D2545DAD5000E4405 /* ViewController03_Transparent.m in Sources */,
				D6E402ED251FC08B001D7BEE /* BaseViewController.m in Sources */,
				D6A9B2902545D66E000E4405 /* ViewController02_BackgroundImage.m in Sources */,
				D69F7ABE2545ECAA0097BB28 /* ViewController11_ScrollView.m in Sources */,
				D6469AE42544A27200C583FF /* ViewController01_BackgroundColor.m in Sources */,
				D6B8A8FF2545E25D0038F92D /* ViewController09_Modal.m in Sources */,
				D69F7AD82545FB850097BB28 /* ViewController05_Custom.m in Sources */,
				D62007A82544899F003D19A8 /* TableViewSection.m in Sources */,
				D69F7ACB2545F0730097BB28 /* ViewController02_FullPopGesture.m in Sources */,
				D69F7AD42545F3940097BB28 /* ViewController03_BackEventIntercept.m in Sources */,
				D6627BF725472D8600DB2F55 /* ViewController1_Test.m in Sources */,
				D6627C052547338800DB2F55 /* FakeNavigationBar.m in Sources */,
				D61CCC00251A13F100A91580 /* AppDelegate.m in Sources */,
				D6A9B2972545D6EE000E4405 /* UIImage+NavigationBar.m in Sources */,
				D61CCC11251A13F400A91580 /* main.m in Sources */,
				D608BBF0252F6B64009CC941 /* BaseNavigationController.m in Sources */,
				D6B8A9092545E7120038F92D /* ViewController10_FullScreen.m in Sources */,
				D608BBEB252F6AAF009CC941 /* DashboardTabBarController.m in Sources */,
				D608BBE4252F6833009CC941 /* LightNavigationController.m in Sources */,
				D6A9B2A92545E069000E4405 /* ViewController08_CustomBackButton.m in Sources */,
				D6627C002547301300DB2F55 /* ViewController07_ScrollChangeNavigationBar.m in Sources */,
				D69F7AFD25460C0B0097BB28 /* ViewController06_ClickEventHitToBack.m in Sources */,
				D6E40300251FC3F8001D7BEE /* MainTableViewController.m in Sources */,
				D608BBF6252F6CC7009CC941 /* DarkNavigationController.m in Sources */,
			);
			runOnlyForDeploymentPostprocessing = 0;
		};
		D6E40248251FB71C001D7BEE /* Sources */ = {
			isa = PBXSourcesBuildPhase;
			buildActionMask = 2147483647;
			files = (
				D6E40279251FBA5A001D7BEE /* UENavigationBar.m in Sources */,
				D6E40289251FBA8C001D7BEE /* UINavigationController+UINavigationExtension.m in Sources */,
				D6EEC1162522529E004F243E /* UINavigationExtensionPrivate.m in Sources */,
				D6E40290251FBA9D001D7BEE /* UIViewController+UINavigationExtension.m in Sources */,
			);
			runOnlyForDeploymentPostprocessing = 0;
		};
/* End PBXSourcesBuildPhase section */

/* Begin PBXTargetDependency section */
		D6E40252251FB71C001D7BEE /* PBXTargetDependency */ = {
			isa = PBXTargetDependency;
			target = D6E4024B251FB71C001D7BEE /* UINavigationExtension */;
			targetProxy = D6E40251251FB71C001D7BEE /* PBXContainerItemProxy */;
		};
/* End PBXTargetDependency section */

/* Begin PBXVariantGroup section */
		D69686362530977F00FBC7A5 /* Main.storyboard */ = {
			isa = PBXVariantGroup;
			children = (
				D69686372530977F00FBC7A5 /* Base */,
			);
			name = Main.storyboard;
			path = .;
			sourceTree = "<group>";
		};
		D69686382530977F00FBC7A5 /* LaunchScreen.storyboard */ = {
			isa = PBXVariantGroup;
			children = (
				D69686392530977F00FBC7A5 /* Base */,
			);
			name = LaunchScreen.storyboard;
			path = .;
			sourceTree = "<group>";
		};
/* End PBXVariantGroup section */

/* Begin XCBuildConfiguration section */
		D61CCC12251A13F400A91580 /* Debug */ = {
			isa = XCBuildConfiguration;
			buildSettings = {
				ALWAYS_SEARCH_USER_PATHS = NO;
				CLANG_ANALYZER_NONNULL = YES;
				CLANG_ANALYZER_NUMBER_OBJECT_CONVERSION = YES_AGGRESSIVE;
				CLANG_CXX_LANGUAGE_STANDARD = "gnu++14";
				CLANG_CXX_LIBRARY = "libc++";
				CLANG_ENABLE_MODULES = YES;
				CLANG_ENABLE_OBJC_ARC = YES;
				CLANG_ENABLE_OBJC_WEAK = YES;
				CLANG_WARN_BLOCK_CAPTURE_AUTORELEASING = YES;
				CLANG_WARN_BOOL_CONVERSION = YES;
				CLANG_WARN_COMMA = YES;
				CLANG_WARN_CONSTANT_CONVERSION = YES;
				CLANG_WARN_DEPRECATED_OBJC_IMPLEMENTATIONS = YES;
				CLANG_WARN_DIRECT_OBJC_ISA_USAGE = YES_ERROR;
				CLANG_WARN_DOCUMENTATION_COMMENTS = YES;
				CLANG_WARN_EMPTY_BODY = YES;
				CLANG_WARN_ENUM_CONVERSION = YES;
				CLANG_WARN_INFINITE_RECURSION = YES;
				CLANG_WARN_INT_CONVERSION = YES;
				CLANG_WARN_NON_LITERAL_NULL_CONVERSION = YES;
				CLANG_WARN_OBJC_IMPLICIT_RETAIN_SELF = YES;
				CLANG_WARN_OBJC_LITERAL_CONVERSION = YES;
				CLANG_WARN_OBJC_ROOT_CLASS = YES_ERROR;
				CLANG_WARN_QUOTED_INCLUDE_IN_FRAMEWORK_HEADER = YES;
				CLANG_WARN_RANGE_LOOP_ANALYSIS = YES;
				CLANG_WARN_STRICT_PROTOTYPES = YES;
				CLANG_WARN_SUSPICIOUS_MOVE = YES;
				CLANG_WARN_UNGUARDED_AVAILABILITY = YES_AGGRESSIVE;
				CLANG_WARN_UNREACHABLE_CODE = YES;
				CLANG_WARN__DUPLICATE_METHOD_MATCH = YES;
				COPY_PHASE_STRIP = NO;
				DEBUG_INFORMATION_FORMAT = dwarf;
				ENABLE_STRICT_OBJC_MSGSEND = YES;
				ENABLE_TESTABILITY = YES;
				GCC_C_LANGUAGE_STANDARD = gnu11;
				GCC_DYNAMIC_NO_PIC = NO;
				GCC_NO_COMMON_BLOCKS = YES;
				GCC_OPTIMIZATION_LEVEL = 0;
				GCC_PREPROCESSOR_DEFINITIONS = (
					"DEBUG=1",
					"$(inherited)",
				);
				GCC_WARN_64_TO_32_BIT_CONVERSION = YES;
				GCC_WARN_ABOUT_RETURN_TYPE = YES_ERROR;
				GCC_WARN_UNDECLARED_SELECTOR = YES;
				GCC_WARN_UNINITIALIZED_AUTOS = YES_AGGRESSIVE;
				GCC_WARN_UNUSED_FUNCTION = YES;
				GCC_WARN_UNUSED_VARIABLE = YES;
				IPHONEOS_DEPLOYMENT_TARGET = 14.0;
				MTL_ENABLE_DEBUG_INFO = INCLUDE_SOURCE;
				MTL_FAST_MATH = YES;
				ONLY_ACTIVE_ARCH = YES;
				SDKROOT = iphoneos;
			};
			name = Debug;
		};
		D61CCC13251A13F400A91580 /* Release */ = {
			isa = XCBuildConfiguration;
			buildSettings = {
				ALWAYS_SEARCH_USER_PATHS = NO;
				CLANG_ANALYZER_NONNULL = YES;
				CLANG_ANALYZER_NUMBER_OBJECT_CONVERSION = YES_AGGRESSIVE;
				CLANG_CXX_LANGUAGE_STANDARD = "gnu++14";
				CLANG_CXX_LIBRARY = "libc++";
				CLANG_ENABLE_MODULES = YES;
				CLANG_ENABLE_OBJC_ARC = YES;
				CLANG_ENABLE_OBJC_WEAK = YES;
				CLANG_WARN_BLOCK_CAPTURE_AUTORELEASING = YES;
				CLANG_WARN_BOOL_CONVERSION = YES;
				CLANG_WARN_COMMA = YES;
				CLANG_WARN_CONSTANT_CONVERSION = YES;
				CLANG_WARN_DEPRECATED_OBJC_IMPLEMENTATIONS = YES;
				CLANG_WARN_DIRECT_OBJC_ISA_USAGE = YES_ERROR;
				CLANG_WARN_DOCUMENTATION_COMMENTS = YES;
				CLANG_WARN_EMPTY_BODY = YES;
				CLANG_WARN_ENUM_CONVERSION = YES;
				CLANG_WARN_INFINITE_RECURSION = YES;
				CLANG_WARN_INT_CONVERSION = YES;
				CLANG_WARN_NON_LITERAL_NULL_CONVERSION = YES;
				CLANG_WARN_OBJC_IMPLICIT_RETAIN_SELF = YES;
				CLANG_WARN_OBJC_LITERAL_CONVERSION = YES;
				CLANG_WARN_OBJC_ROOT_CLASS = YES_ERROR;
				CLANG_WARN_QUOTED_INCLUDE_IN_FRAMEWORK_HEADER = YES;
				CLANG_WARN_RANGE_LOOP_ANALYSIS = YES;
				CLANG_WARN_STRICT_PROTOTYPES = YES;
				CLANG_WARN_SUSPICIOUS_MOVE = YES;
				CLANG_WARN_UNGUARDED_AVAILABILITY = YES_AGGRESSIVE;
				CLANG_WARN_UNREACHABLE_CODE = YES;
				CLANG_WARN__DUPLICATE_METHOD_MATCH = YES;
				COPY_PHASE_STRIP = NO;
				DEBUG_INFORMATION_FORMAT = "dwarf-with-dsym";
				ENABLE_NS_ASSERTIONS = NO;
				ENABLE_STRICT_OBJC_MSGSEND = YES;
				GCC_C_LANGUAGE_STANDARD = gnu11;
				GCC_NO_COMMON_BLOCKS = YES;
				GCC_WARN_64_TO_32_BIT_CONVERSION = YES;
				GCC_WARN_ABOUT_RETURN_TYPE = YES_ERROR;
				GCC_WARN_UNDECLARED_SELECTOR = YES;
				GCC_WARN_UNINITIALIZED_AUTOS = YES_AGGRESSIVE;
				GCC_WARN_UNUSED_FUNCTION = YES;
				GCC_WARN_UNUSED_VARIABLE = YES;
				IPHONEOS_DEPLOYMENT_TARGET = 14.0;
				MTL_ENABLE_DEBUG_INFO = NO;
				MTL_FAST_MATH = YES;
				SDKROOT = iphoneos;
				VALIDATE_PRODUCT = YES;
			};
			name = Release;
		};
		D61CCC15251A13F400A91580 /* Debug */ = {
			isa = XCBuildConfiguration;
			buildSettings = {
				ASSETCATALOG_COMPILER_APPICON_NAME = AppIcon;
				ASSETCATALOG_COMPILER_GLOBAL_ACCENT_COLOR_NAME = AccentColor;
				CODE_SIGN_STYLE = Automatic;
				CURRENT_PROJECT_VERSION = 1;
				DEVELOPMENT_TEAM = VV54GVQ3K7;
				INFOPLIST_FILE = "UINavigationExtensionDemo/Supporting Files/Info.plist";
				IPHONEOS_DEPLOYMENT_TARGET = 11.0;
				LD_RUNPATH_SEARCH_PATHS = (
					"$(inherited)",
					"@executable_path/Frameworks",
				);
				PRODUCT_BUNDLE_IDENTIFIER = com.lidan.UINavigationExtensionDemo;
				PRODUCT_NAME = "$(TARGET_NAME)";
				TARGETED_DEVICE_FAMILY = "1,2";
			};
			name = Debug;
		};
		D61CCC16251A13F400A91580 /* Release */ = {
			isa = XCBuildConfiguration;
			buildSettings = {
				ASSETCATALOG_COMPILER_APPICON_NAME = AppIcon;
				ASSETCATALOG_COMPILER_GLOBAL_ACCENT_COLOR_NAME = AccentColor;
				CODE_SIGN_STYLE = Automatic;
				CURRENT_PROJECT_VERSION = 1;
				DEVELOPMENT_TEAM = VV54GVQ3K7;
				INFOPLIST_FILE = "UINavigationExtensionDemo/Supporting Files/Info.plist";
				IPHONEOS_DEPLOYMENT_TARGET = 11.0;
				LD_RUNPATH_SEARCH_PATHS = (
					"$(inherited)",
					"@executable_path/Frameworks",
				);
				PRODUCT_BUNDLE_IDENTIFIER = com.lidan.UINavigationExtensionDemo;
				PRODUCT_NAME = "$(TARGET_NAME)";
				TARGETED_DEVICE_FAMILY = "1,2";
			};
			name = Release;
		};
		D6E40256251FB71C001D7BEE /* Debug */ = {
			isa = XCBuildConfiguration;
			buildSettings = {
				CODE_SIGN_STYLE = Automatic;
				CURRENT_PROJECT_VERSION = 1;
				DEFINES_MODULE = YES;
				DEVELOPMENT_TEAM = VV54GVQ3K7;
				DYLIB_COMPATIBILITY_VERSION = 1;
				DYLIB_CURRENT_VERSION = 1;
				DYLIB_INSTALL_NAME_BASE = "@rpath";
				EXCLUDED_ARCHS = "";
				INFOPLIST_FILE = UINavigationExtension/Info.plist;
				INSTALL_PATH = "$(LOCAL_LIBRARY_DIR)/Frameworks";
				IPHONEOS_DEPLOYMENT_TARGET = 11.0;
				LD_RUNPATH_SEARCH_PATHS = (
					"$(inherited)",
					"@executable_path/Frameworks",
					"@loader_path/Frameworks",
				);
				MARKETING_VERSION = 2.3.1;
				PRODUCT_BUNDLE_IDENTIFIER = com.lidan.UINavigationExtension;
				PRODUCT_NAME = "$(TARGET_NAME:c99extidentifier)";
				SKIP_INSTALL = YES;
				TARGETED_DEVICE_FAMILY = "1,2";
				VERSIONING_SYSTEM = "apple-generic";
				VERSION_INFO_PREFIX = "";
			};
			name = Debug;
		};
		D6E40257251FB71C001D7BEE /* Release */ = {
			isa = XCBuildConfiguration;
			buildSettings = {
				CODE_SIGN_STYLE = Automatic;
				CURRENT_PROJECT_VERSION = 1;
				DEFINES_MODULE = YES;
				DEVELOPMENT_TEAM = VV54GVQ3K7;
				DYLIB_COMPATIBILITY_VERSION = 1;
				DYLIB_CURRENT_VERSION = 1;
				DYLIB_INSTALL_NAME_BASE = "@rpath";
				EXCLUDED_ARCHS = "";
				INFOPLIST_FILE = UINavigationExtension/Info.plist;
				INSTALL_PATH = "$(LOCAL_LIBRARY_DIR)/Frameworks";
				IPHONEOS_DEPLOYMENT_TARGET = 11.0;
				LD_RUNPATH_SEARCH_PATHS = (
					"$(inherited)",
					"@executable_path/Frameworks",
					"@loader_path/Frameworks",
				);
				MARKETING_VERSION = 2.3.1;
				PRODUCT_BUNDLE_IDENTIFIER = com.lidan.UINavigationExtension;
				PRODUCT_NAME = "$(TARGET_NAME:c99extidentifier)";
				SKIP_INSTALL = YES;
				TARGETED_DEVICE_FAMILY = "1,2";
				VERSIONING_SYSTEM = "apple-generic";
				VERSION_INFO_PREFIX = "";
			};
			name = Release;
		};
/* End XCBuildConfiguration section */

/* Begin XCConfigurationList section */
		D61CCBF6251A13F100A91580 /* Build configuration list for PBXProject "UINavigationExtension" */ = {
			isa = XCConfigurationList;
			buildConfigurations = (
				D61CCC12251A13F400A91580 /* Debug */,
				D61CCC13251A13F400A91580 /* Release */,
			);
			defaultConfigurationIsVisible = 0;
			defaultConfigurationName = Release;
		};
		D61CCC14251A13F400A91580 /* Build configuration list for PBXNativeTarget "UINavigationExtensionDemo" */ = {
			isa = XCConfigurationList;
			buildConfigurations = (
				D61CCC15251A13F400A91580 /* Debug */,
				D61CCC16251A13F400A91580 /* Release */,
			);
			defaultConfigurationIsVisible = 0;
			defaultConfigurationName = Release;
		};
		D6E40258251FB71C001D7BEE /* Build configuration list for PBXNativeTarget "UINavigationExtension" */ = {
			isa = XCConfigurationList;
			buildConfigurations = (
				D6E40256251FB71C001D7BEE /* Debug */,
				D6E40257251FB71C001D7BEE /* Release */,
			);
			defaultConfigurationIsVisible = 0;
			defaultConfigurationName = Release;
		};
/* End XCConfigurationList section */
	};
	rootObject = D61CCBF3251A13F100A91580 /* Project object */;
}
