// !$*UTF8*$!
{
	archiveVersion = 1;
	classes = {
	};
	objectVersion = 55;
	objects = {

/* Begin PBXBuildFile section */
		D64039D3273CB1AB0047F25E /* NXNavigationExtensionSwiftUI.framework in Frameworks */ = {isa = PBXBuildFile; fileRef = D64039D2273CB1AB0047F25E /* NXNavigationExtensionSwiftUI.framework */; };
		D64039D4273CB1AB0047F25E /* NXNavigationExtensionSwiftUI.framework in Embed Frameworks */ = {isa = PBXBuildFile; fileRef = D64039D2273CB1AB0047F25E /* NXNavigationExtensionSwiftUI.framework */; settings = {ATTRIBUTES = (CodeSignOnCopy, RemoveHeadersOnCopy, ); }; };
		D6B022B8273AB780008003F6 /* AppDelegate.swift in Sources */ = {isa = PBXBuildFile; fileRef = D6B022B7273AB780008003F6 /* AppDelegate.swift */; };
		D6B022C1273AB781008003F6 /* Assets.xcassets in Resources */ = {isa = PBXBuildFile; fileRef = D6B022C0273AB781008003F6 /* Assets.xcassets */; };
		D6B022C4273AB781008003F6 /* LaunchScreen.storyboard in Resources */ = {isa = PBXBuildFile; fileRef = D6B022C2273AB781008003F6 /* LaunchScreen.storyboard */; };
		D6B02325273AB8E3008003F6 /* View03_BackButtonEventIntercept.swift in Sources */ = {isa = PBXBuildFile; fileRef = D6B022D5273AB8E3008003F6 /* View03_BackButtonEventIntercept.swift */; };
		D6B02326273AB8E3008003F6 /* View08_NavigationRouter.swift in Sources */ = {isa = PBXBuildFile; fileRef = D6B022D6273AB8E3008003F6 /* View08_NavigationRouter.swift */; };
		D6B02327273AB8E3008003F6 /* View02_FullScreenPopGestureEnable.swift in Sources */ = {isa = PBXBuildFile; fileRef = D6B022D7273AB8E3008003F6 /* View02_FullScreenPopGestureEnable.swift */; };
		D6B02328273AB8E3008003F6 /* View05_NavigationBarDisable.swift in Sources */ = {isa = PBXBuildFile; fileRef = D6B022D8273AB8E3008003F6 /* View05_NavigationBarDisable.swift */; };
		D6B02329273AB8E3008003F6 /* View07_UpdateNavigationBar.swift in Sources */ = {isa = PBXBuildFile; fileRef = D6B022D9273AB8E3008003F6 /* View07_UpdateNavigationBar.swift */; };
		D6B0232A273AB8E3008003F6 /* View04_CustomNavigationBar.swift in Sources */ = {isa = PBXBuildFile; fileRef = D6B022DA273AB8E3008003F6 /* View04_CustomNavigationBar.swift */; };
		D6B0232B273AB8E3008003F6 /* View06_WebView.swift in Sources */ = {isa = PBXBuildFile; fileRef = D6B022DB273AB8E3008003F6 /* View06_WebView.swift */; };
		D6B0232C273AB8E3008003F6 /* View01_EdgePopGestureDisable.swift in Sources */ = {isa = PBXBuildFile; fileRef = D6B022DC273AB8E3008003F6 /* View01_EdgePopGestureDisable.swift */; };
		D6B0232D273AB8E3008003F6 /* View09_FullScreenColor.swift in Sources */ = {isa = PBXBuildFile; fileRef = D6B022DE273AB8E3008003F6 /* View09_FullScreenColor.swift */; };
		D6B0232E273AB8E3008003F6 /* View01_BackgroundColor.swift in Sources */ = {isa = PBXBuildFile; fileRef = D6B022DF273AB8E3008003F6 /* View01_BackgroundColor.swift */; };
		D6B0232F273AB8E3008003F6 /* View05_ShadowColor.swift in Sources */ = {isa = PBXBuildFile; fileRef = D6B022E0273AB8E3008003F6 /* View05_ShadowColor.swift */; };
		D6B02330273AB8E3008003F6 /* View03_Transparent.swift in Sources */ = {isa = PBXBuildFile; fileRef = D6B022E1273AB8E3008003F6 /* View03_Transparent.swift */; };
		D6B02331273AB8E3008003F6 /* View10_Present.swift in Sources */ = {isa = PBXBuildFile; fileRef = D6B022E2273AB8E3008003F6 /* View10_Present.swift */; };
		D6B02332273AB8E3008003F6 /* View11_ListView.swift in Sources */ = {isa = PBXBuildFile; fileRef = D6B022E3273AB8E3008003F6 /* View11_ListView.swift */; };
		D6B02333273AB8E3008003F6 /* View12_ScrollViewContent.swift in Sources */ = {isa = PBXBuildFile; fileRef = D6B022E4273AB8E3008003F6 /* View12_ScrollViewContent.swift */; };
		D6B02334273AB8E3008003F6 /* View07_CustomBackImage.swift in Sources */ = {isa = PBXBuildFile; fileRef = D6B022E5273AB8E3008003F6 /* View07_CustomBackImage.swift */; };
		D6B02335273AB8E3008003F6 /* View02_BackgrounddImage.swift in Sources */ = {isa = PBXBuildFile; fileRef = D6B022E6273AB8E3008003F6 /* View02_BackgrounddImage.swift */; };
		D6B02336273AB8E3008003F6 /* View04_LikeSystemNavigationBar.swift in Sources */ = {isa = PBXBuildFile; fileRef = D6B022E7273AB8E3008003F6 /* View04_LikeSystemNavigationBar.swift */; };
		D6B02337273AB8E3008003F6 /* View06_ShadowImage.swift in Sources */ = {isa = PBXBuildFile; fileRef = D6B022E8273AB8E3008003F6 /* View06_ShadowImage.swift */; };
		D6B02338273AB8E3008003F6 /* View08_CustomBackView.swift in Sources */ = {isa = PBXBuildFile; fileRef = D6B022E9273AB8E3008003F6 /* View08_CustomBackView.swift */; };
		D6B02339273AB8E3008003F6 /* ColorListView.swift in Sources */ = {isa = PBXBuildFile; fileRef = D6B022EB273AB8E3008003F6 /* ColorListView.swift */; };
		D6B0233A273AB8E3008003F6 /* ColorScrollView.swift in Sources */ = {isa = PBXBuildFile; fileRef = D6B022EC273AB8E3008003F6 /* ColorScrollView.swift */; };
		D6B0233B273AB8E3008003F6 /* FeatureDetailView.swift in Sources */ = {isa = PBXBuildFile; fileRef = D6B022ED273AB8E3008003F6 /* FeatureDetailView.swift */; };
		D6B0233C273AB8E3008003F6 /* FeatureListView.swift in Sources */ = {isa = PBXBuildFile; fileRef = D6B022EE273AB8E3008003F6 /* FeatureListView.swift */; };
		D6B0233D273AB8E3008003F6 /* NavigationBackEvent.swift in Sources */ = {isa = PBXBuildFile; fileRef = D6B022F1273AB8E3008003F6 /* NavigationBackEvent.swift */; };
		D6B0233E273AB8E3008003F6 /* NavigationRedirect.swift in Sources */ = {isa = PBXBuildFile; fileRef = D6B022F2273AB8E3008003F6 /* NavigationRedirect.swift */; };
		D6B0233F273AB8E3008003F6 /* NavigationFeature.swift in Sources */ = {isa = PBXBuildFile; fileRef = D6B022F3273AB8E3008003F6 /* NavigationFeature.swift */; };
		D6B02340273AB8E3008003F6 /* Extensions.swift in Sources */ = {isa = PBXBuildFile; fileRef = D6B022F5273AB8E3008003F6 /* Extensions.swift */; };
		D6B02341273AB8E3008003F6 /* BaseTableViewController.swift in Sources */ = {isa = PBXBuildFile; fileRef = D6B022F7273AB8E3008003F6 /* BaseTableViewController.swift */; };
		D6B02342273AB8E3008003F6 /* MainTabBarController.swift in Sources */ = {isa = PBXBuildFile; fileRef = D6B022F8273AB8E3008003F6 /* MainTabBarController.swift */; };
		D6B02343273AB8E3008003F6 /* SplitAdaptorViewController.swift in Sources */ = {isa = PBXBuildFile; fileRef = D6B022F9273AB8E3008003F6 /* SplitAdaptorViewController.swift */; };
		D6B02344273AB8E3008003F6 /* BaseNavigationController.swift in Sources */ = {isa = PBXBuildFile; fileRef = D6B022FA273AB8E3008003F6 /* BaseNavigationController.swift */; };
		D6B02345273AB8E3008003F6 /* ContentView.swift in Sources */ = {isa = PBXBuildFile; fileRef = D6B022FC273AB8E3008003F6 /* ContentView.swift */; };
		D6B02346273AB8E3008003F6 /* ViewController01_EdgePopGestureDisable.swift in Sources */ = {isa = PBXBuildFile; fileRef = D6B022FF273AB8E3008003F6 /* ViewController01_EdgePopGestureDisable.swift */; };
		D6B02347273AB8E3008003F6 /* ViewController03_BackButtonEventIntercept.swift in Sources */ = {isa = PBXBuildFile; fileRef = D6B02300273AB8E3008003F6 /* ViewController03_BackButtonEventIntercept.swift */; };
		D6B02348273AB8E3008003F6 /* ViewController05_NavigationBarDisable.swift in Sources */ = {isa = PBXBuildFile; fileRef = D6B02301273AB8E3008003F6 /* ViewController05_NavigationBarDisable.swift */; };
		D6B02349273AB8E3008003F6 /* ViewController06_WebView.swift in Sources */ = {isa = PBXBuildFile; fileRef = D6B02302273AB8E3008003F6 /* ViewController06_WebView.swift */; };
		D6B0234A273AB8E3008003F6 /* ViewController08_RedirectViewController.swift in Sources */ = {isa = PBXBuildFile; fileRef = D6B02303273AB8E3008003F6 /* ViewController08_RedirectViewController.swift */; };
		D6B0234B273AB8E3008003F6 /* ViewController04_CustomNavigationBar.swift in Sources */ = {isa = PBXBuildFile; fileRef = D6B02304273AB8E3008003F6 /* ViewController04_CustomNavigationBar.swift */; };
		D6B0234C273AB8E3008003F6 /* ViewController09_ScrollChangeNavigationBar.swift in Sources */ = {isa = PBXBuildFile; fileRef = D6B02305273AB8E3008003F6 /* ViewController09_ScrollChangeNavigationBar.swift */; };
		D6B0234D273AB8E3008003F6 /* ViewController02_FullScreenPopGestureEnable.swift in Sources */ = {isa = PBXBuildFile; fileRef = D6B02306273AB8E3008003F6 /* ViewController02_FullScreenPopGestureEnable.swift */; };
		D6B0234E273AB8E3008003F6 /* ViewController11_TableViewController.swift in Sources */ = {isa = PBXBuildFile; fileRef = D6B02308273AB8E3008003F6 /* ViewController11_TableViewController.swift */; };
		D6B0234F273AB8E3008003F6 /* ViewController06_ShadowImage.swift in Sources */ = {isa = PBXBuildFile; fileRef = D6B02309273AB8E3008003F6 /* ViewController06_ShadowImage.swift */; };
		D6B02350273AB8E3008003F6 /* ViewController10_Present.swift in Sources */ = {isa = PBXBuildFile; fileRef = D6B0230A273AB8E3008003F6 /* ViewController10_Present.swift */; };
		D6B02351273AB8E3008003F6 /* ViewController04_LikeSystemNavigationBar.swift in Sources */ = {isa = PBXBuildFile; fileRef = D6B0230B273AB8E3008003F6 /* ViewController04_LikeSystemNavigationBar.swift */; };
		D6B02352273AB8E3008003F6 /* ViewController12_TableViewControllerWithFullScreen.swift in Sources */ = {isa = PBXBuildFile; fileRef = D6B0230C273AB8E3008003F6 /* ViewController12_TableViewControllerWithFullScreen.swift */; };
		D6B02353273AB8E3008003F6 /* ViewController08_CustomBackView.swift in Sources */ = {isa = PBXBuildFile; fileRef = D6B0230D273AB8E3008003F6 /* ViewController08_CustomBackView.swift */; };
		D6B02354273AB8E3008003F6 /* ViewController02_BackgroundImage.swift in Sources */ = {isa = PBXBuildFile; fileRef = D6B0230E273AB8E3008003F6 /* ViewController02_BackgroundImage.swift */; };
		D6B02355273AB8E3008003F6 /* ViewController01_BackgroundColor.swift in Sources */ = {isa = PBXBuildFile; fileRef = D6B0230F273AB8E3008003F6 /* ViewController01_BackgroundColor.swift */; };
		D6B02356273AB8E3008003F6 /* ViewController03_Transparent.swift in Sources */ = {isa = PBXBuildFile; fileRef = D6B02310273AB8E3008003F6 /* ViewController03_Transparent.swift */; };
		D6B02357273AB8E3008003F6 /* ViewController13_CustomBlurNavigationBar.swift in Sources */ = {isa = PBXBuildFile; fileRef = D6B02311273AB8E3008003F6 /* ViewController13_CustomBlurNavigationBar.swift */; };
		D6B02358273AB8E3008003F6 /* ViewController09_FullScreenColor.swift in Sources */ = {isa = PBXBuildFile; fileRef = D6B02312273AB8E3008003F6 /* ViewController09_FullScreenColor.swift */; };
		D6B02359273AB8E3008003F6 /* ViewController07_CustomBackImage.swift in Sources */ = {isa = PBXBuildFile; fileRef = D6B02313273AB8E3008003F6 /* ViewController07_CustomBackImage.swift */; };
		D6B0235A273AB8E3008003F6 /* ViewController05_ShadowColor.swift in Sources */ = {isa = PBXBuildFile; fileRef = D6B02314273AB8E3008003F6 /* ViewController05_ShadowColor.swift */; };
		D6B0235B273AB8E3008003F6 /* DrawerViewController.swift in Sources */ = {isa = PBXBuildFile; fileRef = D6B02317273AB8E3008003F6 /* DrawerViewController.swift */; };
		D6B0235C273AB8E3008003F6 /* DrawAnimationTransitionDelegate.swift in Sources */ = {isa = PBXBuildFile; fileRef = D6B02318273AB8E3008003F6 /* DrawAnimationTransitionDelegate.swift */; };
		D6B0235D273AB8E3008003F6 /* DrawerAnimationController.swift in Sources */ = {isa = PBXBuildFile; fileRef = D6B02319273AB8E3008003F6 /* DrawerAnimationController.swift */; };
		D6B0235E273AB8E3008003F6 /* HierarchyViewController.swift in Sources */ = {isa = PBXBuildFile; fileRef = D6B0231A273AB8E3008003F6 /* HierarchyViewController.swift */; };
		D6B0235F273AB8E3008003F6 /* ViewController07_UpdateNavigationBar.swift in Sources */ = {isa = PBXBuildFile; fileRef = D6B0231B273AB8E3008003F6 /* ViewController07_UpdateNavigationBar.swift */; };
		D6B02360273AB8E3008003F6 /* FullPopGesture_ScrollView.swift in Sources */ = {isa = PBXBuildFile; fileRef = D6B0231C273AB8E3008003F6 /* FullPopGesture_ScrollView.swift */; };
		D6B02361273AB8E3008003F6 /* FullPopGesture_PageViewController.swift in Sources */ = {isa = PBXBuildFile; fileRef = D6B0231D273AB8E3008003F6 /* FullPopGesture_PageViewController.swift */; };
		D6B02362273AB8E3008003F6 /* FeatureTableViewController.swift in Sources */ = {isa = PBXBuildFile; fileRef = D6B0231E273AB8E3008003F6 /* FeatureTableViewController.swift */; };
		D6B02369273ABA7A008003F6 /* NXNavigationExtension.framework in Frameworks */ = {isa = PBXBuildFile; fileRef = D6B02368273ABA7A008003F6 /* NXNavigationExtension.framework */; };
		D6B0236A273ABA7A008003F6 /* NXNavigationExtension.framework in Embed Frameworks */ = {isa = PBXBuildFile; fileRef = D6B02368273ABA7A008003F6 /* NXNavigationExtension.framework */; settings = {ATTRIBUTES = (CodeSignOnCopy, RemoveHeadersOnCopy, ); }; };
/* End PBXBuildFile section */

/* Begin PBXCopyFilesBuildPhase section */
		D6B0236B273ABA7A008003F6 /* Embed Frameworks */ = {
			isa = PBXCopyFilesBuildPhase;
			buildActionMask = 2147483647;
			dstPath = "";
			dstSubfolderSpec = 10;
			files = (
				D64039D4273CB1AB0047F25E /* NXNavigationExtensionSwiftUI.framework in Embed Frameworks */,
				D6B0236A273ABA7A008003F6 /* NXNavigationExtension.framework in Embed Frameworks */,
			);
			name = "Embed Frameworks";
			runOnlyForDeploymentPostprocessing = 0;
		};
/* End PBXCopyFilesBuildPhase section */

/* Begin PBXFileReference section */
		D64039D2273CB1AB0047F25E /* NXNavigationExtensionSwiftUI.framework */ = {isa = PBXFileReference; explicitFileType = wrapper.framework; path = NXNavigationExtensionSwiftUI.framework; sourceTree = BUILT_PRODUCTS_DIR; };
		D6B022B4273AB780008003F6 /* NXNavigationExtensionDemo.app */ = {isa = PBXFileReference; explicitFileType = wrapper.application; includeInIndex = 0; path = NXNavigationExtensionDemo.app; sourceTree = BUILT_PRODUCTS_DIR; };
		D6B022B7273AB780008003F6 /* AppDelegate.swift */ = {isa = PBXFileReference; lastKnownFileType = sourcecode.swift; path = AppDelegate.swift; sourceTree = "<group>"; };
		D6B022C0273AB781008003F6 /* Assets.xcassets */ = {isa = PBXFileReference; lastKnownFileType = folder.assetcatalog; path = Assets.xcassets; sourceTree = "<group>"; };
		D6B022C3273AB781008003F6 /* Base */ = {isa = PBXFileReference; lastKnownFileType = file.storyboard; name = Base; path = Base.lproj/LaunchScreen.storyboard; sourceTree = "<group>"; };
		D6B022C5273AB781008003F6 /* Info.plist */ = {isa = PBXFileReference; lastKnownFileType = text.plist.xml; path = Info.plist; sourceTree = "<group>"; };
		D6B022CB273AB7AA008003F6 /* NXNavigationExtensionDemo.entitlements */ = {isa = PBXFileReference; lastKnownFileType = text.plist.entitlements; path = NXNavigationExtensionDemo.entitlements; sourceTree = "<group>"; };
		D6B022D5273AB8E3008003F6 /* View03_BackButtonEventIntercept.swift */ = {isa = PBXFileReference; fileEncoding = 4; lastKnownFileType = sourcecode.swift; path = View03_BackButtonEventIntercept.swift; sourceTree = "<group>"; };
		D6B022D6273AB8E3008003F6 /* View08_NavigationRouter.swift */ = {isa = PBXFileReference; fileEncoding = 4; lastKnownFileType = sourcecode.swift; path = View08_NavigationRouter.swift; sourceTree = "<group>"; };
		D6B022D7273AB8E3008003F6 /* View02_FullScreenPopGestureEnable.swift */ = {isa = PBXFileReference; fileEncoding = 4; lastKnownFileType = sourcecode.swift; path = View02_FullScreenPopGestureEnable.swift; sourceTree = "<group>"; };
		D6B022D8273AB8E3008003F6 /* View05_NavigationBarDisable.swift */ = {isa = PBXFileReference; fileEncoding = 4; lastKnownFileType = sourcecode.swift; path = View05_NavigationBarDisable.swift; sourceTree = "<group>"; };
		D6B022D9273AB8E3008003F6 /* View07_UpdateNavigationBar.swift */ = {isa = PBXFileReference; fileEncoding = 4; lastKnownFileType = sourcecode.swift; path = View07_UpdateNavigationBar.swift; sourceTree = "<group>"; };
		D6B022DA273AB8E3008003F6 /* View04_CustomNavigationBar.swift */ = {isa = PBXFileReference; fileEncoding = 4; lastKnownFileType = sourcecode.swift; path = View04_CustomNavigationBar.swift; sourceTree = "<group>"; };
		D6B022DB273AB8E3008003F6 /* View06_WebView.swift */ = {isa = PBXFileReference; fileEncoding = 4; lastKnownFileType = sourcecode.swift; path = View06_WebView.swift; sourceTree = "<group>"; };
		D6B022DC273AB8E3008003F6 /* View01_EdgePopGestureDisable.swift */ = {isa = PBXFileReference; fileEncoding = 4; lastKnownFileType = sourcecode.swift; path = View01_EdgePopGestureDisable.swift; sourceTree = "<group>"; };
		D6B022DE273AB8E3008003F6 /* View09_FullScreenColor.swift */ = {isa = PBXFileReference; fileEncoding = 4; lastKnownFileType = sourcecode.swift; path = View09_FullScreenColor.swift; sourceTree = "<group>"; };
		D6B022DF273AB8E3008003F6 /* View01_BackgroundColor.swift */ = {isa = PBXFileReference; fileEncoding = 4; lastKnownFileType = sourcecode.swift; path = View01_BackgroundColor.swift; sourceTree = "<group>"; };
		D6B022E0273AB8E3008003F6 /* View05_ShadowColor.swift */ = {isa = PBXFileReference; fileEncoding = 4; lastKnownFileType = sourcecode.swift; path = View05_ShadowColor.swift; sourceTree = "<group>"; };
		D6B022E1273AB8E3008003F6 /* View03_Transparent.swift */ = {isa = PBXFileReference; fileEncoding = 4; lastKnownFileType = sourcecode.swift; path = View03_Transparent.swift; sourceTree = "<group>"; };
		D6B022E2273AB8E3008003F6 /* View10_Present.swift */ = {isa = PBXFileReference; fileEncoding = 4; lastKnownFileType = sourcecode.swift; path = View10_Present.swift; sourceTree = "<group>"; };
		D6B022E3273AB8E3008003F6 /* View11_ListView.swift */ = {isa = PBXFileReference; fileEncoding = 4; lastKnownFileType = sourcecode.swift; path = View11_ListView.swift; sourceTree = "<group>"; };
		D6B022E4273AB8E3008003F6 /* View12_ScrollViewContent.swift */ = {isa = PBXFileReference; fileEncoding = 4; lastKnownFileType = sourcecode.swift; path = View12_ScrollViewContent.swift; sourceTree = "<group>"; };
		D6B022E5273AB8E3008003F6 /* View07_CustomBackImage.swift */ = {isa = PBXFileReference; fileEncoding = 4; lastKnownFileType = sourcecode.swift; path = View07_CustomBackImage.swift; sourceTree = "<group>"; };
		D6B022E6273AB8E3008003F6 /* View02_BackgrounddImage.swift */ = {isa = PBXFileReference; fileEncoding = 4; lastKnownFileType = sourcecode.swift; path = View02_BackgrounddImage.swift; sourceTree = "<group>"; };
		D6B022E7273AB8E3008003F6 /* View04_LikeSystemNavigationBar.swift */ = {isa = PBXFileReference; fileEncoding = 4; lastKnownFileType = sourcecode.swift; path = View04_LikeSystemNavigationBar.swift; sourceTree = "<group>"; };
		D6B022E8273AB8E3008003F6 /* View06_ShadowImage.swift */ = {isa = PBXFileReference; fileEncoding = 4; lastKnownFileType = sourcecode.swift; path = View06_ShadowImage.swift; sourceTree = "<group>"; };
		D6B022E9273AB8E3008003F6 /* View08_CustomBackView.swift */ = {isa = PBXFileReference; fileEncoding = 4; lastKnownFileType = sourcecode.swift; path = View08_CustomBackView.swift; sourceTree = "<group>"; };
		D6B022EB273AB8E3008003F6 /* ColorListView.swift */ = {isa = PBXFileReference; fileEncoding = 4; lastKnownFileType = sourcecode.swift; path = ColorListView.swift; sourceTree = "<group>"; };
		D6B022EC273AB8E3008003F6 /* ColorScrollView.swift */ = {isa = PBXFileReference; fileEncoding = 4; lastKnownFileType = sourcecode.swift; path = ColorScrollView.swift; sourceTree = "<group>"; };
		D6B022ED273AB8E3008003F6 /* FeatureDetailView.swift */ = {isa = PBXFileReference; fileEncoding = 4; lastKnownFileType = sourcecode.swift; path = FeatureDetailView.swift; sourceTree = "<group>"; };
		D6B022EE273AB8E3008003F6 /* FeatureListView.swift */ = {isa = PBXFileReference; fileEncoding = 4; lastKnownFileType = sourcecode.swift; path = FeatureListView.swift; sourceTree = "<group>"; };
		D6B022F1273AB8E3008003F6 /* NavigationBackEvent.swift */ = {isa = PBXFileReference; fileEncoding = 4; lastKnownFileType = sourcecode.swift; path = NavigationBackEvent.swift; sourceTree = "<group>"; };
		D6B022F2273AB8E3008003F6 /* NavigationRedirect.swift */ = {isa = PBXFileReference; fileEncoding = 4; lastKnownFileType = sourcecode.swift; path = NavigationRedirect.swift; sourceTree = "<group>"; };
		D6B022F3273AB8E3008003F6 /* NavigationFeature.swift */ = {isa = PBXFileReference; fileEncoding = 4; lastKnownFileType = sourcecode.swift; path = NavigationFeature.swift; sourceTree = "<group>"; };
		D6B022F5273AB8E3008003F6 /* Extensions.swift */ = {isa = PBXFileReference; fileEncoding = 4; lastKnownFileType = sourcecode.swift; path = Extensions.swift; sourceTree = "<group>"; };
		D6B022F7273AB8E3008003F6 /* BaseTableViewController.swift */ = {isa = PBXFileReference; fileEncoding = 4; lastKnownFileType = sourcecode.swift; path = BaseTableViewController.swift; sourceTree = "<group>"; };
		D6B022F8273AB8E3008003F6 /* MainTabBarController.swift */ = {isa = PBXFileReference; fileEncoding = 4; lastKnownFileType = sourcecode.swift; path = MainTabBarController.swift; sourceTree = "<group>"; };
		D6B022F9273AB8E3008003F6 /* SplitAdaptorViewController.swift */ = {isa = PBXFileReference; fileEncoding = 4; lastKnownFileType = sourcecode.swift; path = SplitAdaptorViewController.swift; sourceTree = "<group>"; };
		D6B022FA273AB8E3008003F6 /* BaseNavigationController.swift */ = {isa = PBXFileReference; fileEncoding = 4; lastKnownFileType = sourcecode.swift; path = BaseNavigationController.swift; sourceTree = "<group>"; };
		D6B022FC273AB8E3008003F6 /* ContentView.swift */ = {isa = PBXFileReference; fileEncoding = 4; lastKnownFileType = sourcecode.swift; path = ContentView.swift; sourceTree = "<group>"; };
		D6B022FF273AB8E3008003F6 /* ViewController01_EdgePopGestureDisable.swift */ = {isa = PBXFileReference; fileEncoding = 4; lastKnownFileType = sourcecode.swift; path = ViewController01_EdgePopGestureDisable.swift; sourceTree = "<group>"; };
		D6B02300273AB8E3008003F6 /* ViewController03_BackButtonEventIntercept.swift */ = {isa = PBXFileReference; fileEncoding = 4; lastKnownFileType = sourcecode.swift; path = ViewController03_BackButtonEventIntercept.swift; sourceTree = "<group>"; };
		D6B02301273AB8E3008003F6 /* ViewController05_NavigationBarDisable.swift */ = {isa = PBXFileReference; fileEncoding = 4; lastKnownFileType = sourcecode.swift; path = ViewController05_NavigationBarDisable.swift; sourceTree = "<group>"; };
		D6B02302273AB8E3008003F6 /* ViewController06_WebView.swift */ = {isa = PBXFileReference; fileEncoding = 4; lastKnownFileType = sourcecode.swift; path = ViewController06_WebView.swift; sourceTree = "<group>"; };
		D6B02303273AB8E3008003F6 /* ViewController08_RedirectViewController.swift */ = {isa = PBXFileReference; fileEncoding = 4; lastKnownFileType = sourcecode.swift; path = ViewController08_RedirectViewController.swift; sourceTree = "<group>"; };
		D6B02304273AB8E3008003F6 /* ViewController04_CustomNavigationBar.swift */ = {isa = PBXFileReference; fileEncoding = 4; lastKnownFileType = sourcecode.swift; path = ViewController04_CustomNavigationBar.swift; sourceTree = "<group>"; };
		D6B02305273AB8E3008003F6 /* ViewController09_ScrollChangeNavigationBar.swift */ = {isa = PBXFileReference; fileEncoding = 4; lastKnownFileType = sourcecode.swift; path = ViewController09_ScrollChangeNavigationBar.swift; sourceTree = "<group>"; };
		D6B02306273AB8E3008003F6 /* ViewController02_FullScreenPopGestureEnable.swift */ = {isa = PBXFileReference; fileEncoding = 4; lastKnownFileType = sourcecode.swift; path = ViewController02_FullScreenPopGestureEnable.swift; sourceTree = "<group>"; };
		D6B02308273AB8E3008003F6 /* ViewController11_TableViewController.swift */ = {isa = PBXFileReference; fileEncoding = 4; lastKnownFileType = sourcecode.swift; path = ViewController11_TableViewController.swift; sourceTree = "<group>"; };
		D6B02309273AB8E3008003F6 /* ViewController06_ShadowImage.swift */ = {isa = PBXFileReference; fileEncoding = 4; lastKnownFileType = sourcecode.swift; path = ViewController06_ShadowImage.swift; sourceTree = "<group>"; };
		D6B0230A273AB8E3008003F6 /* ViewController10_Present.swift */ = {isa = PBXFileReference; fileEncoding = 4; lastKnownFileType = sourcecode.swift; path = ViewController10_Present.swift; sourceTree = "<group>"; };
		D6B0230B273AB8E3008003F6 /* ViewController04_LikeSystemNavigationBar.swift */ = {isa = PBXFileReference; fileEncoding = 4; lastKnownFileType = sourcecode.swift; path = ViewController04_LikeSystemNavigationBar.swift; sourceTree = "<group>"; };
		D6B0230C273AB8E3008003F6 /* ViewController12_TableViewControllerWithFullScreen.swift */ = {isa = PBXFileReference; fileEncoding = 4; lastKnownFileType = sourcecode.swift; path = ViewController12_TableViewControllerWithFullScreen.swift; sourceTree = "<group>"; };
		D6B0230D273AB8E3008003F6 /* ViewController08_CustomBackView.swift */ = {isa = PBXFileReference; fileEncoding = 4; lastKnownFileType = sourcecode.swift; path = ViewController08_CustomBackView.swift; sourceTree = "<group>"; };
		D6B0230E273AB8E3008003F6 /* ViewController02_BackgroundImage.swift */ = {isa = PBXFileReference; fileEncoding = 4; lastKnownFileType = sourcecode.swift; path = ViewController02_BackgroundImage.swift; sourceTree = "<group>"; };
		D6B0230F273AB8E3008003F6 /* ViewController01_BackgroundColor.swift */ = {isa = PBXFileReference; fileEncoding = 4; lastKnownFileType = sourcecode.swift; path = ViewController01_BackgroundColor.swift; sourceTree = "<group>"; };
		D6B02310273AB8E3008003F6 /* ViewController03_Transparent.swift */ = {isa = PBXFileReference; fileEncoding = 4; lastKnownFileType = sourcecode.swift; path = ViewController03_Transparent.swift; sourceTree = "<group>"; };
		D6B02311273AB8E3008003F6 /* ViewController13_CustomBlurNavigationBar.swift */ = {isa = PBXFileReference; fileEncoding = 4; lastKnownFileType = sourcecode.swift; path = ViewController13_CustomBlurNavigationBar.swift; sourceTree = "<group>"; };
		D6B02312273AB8E3008003F6 /* ViewController09_FullScreenColor.swift */ = {isa = PBXFileReference; fileEncoding = 4; lastKnownFileType = sourcecode.swift; path = ViewController09_FullScreenColor.swift; sourceTree = "<group>"; };
		D6B02313273AB8E3008003F6 /* ViewController07_CustomBackImage.swift */ = {isa = PBXFileReference; fileEncoding = 4; lastKnownFileType = sourcecode.swift; path = ViewController07_CustomBackImage.swift; sourceTree = "<group>"; };
		D6B02314273AB8E3008003F6 /* ViewController05_ShadowColor.swift */ = {isa = PBXFileReference; fileEncoding = 4; lastKnownFileType = sourcecode.swift; path = ViewController05_ShadowColor.swift; sourceTree = "<group>"; };
		D6B02317273AB8E3008003F6 /* DrawerViewController.swift */ = {isa = PBXFileReference; fileEncoding = 4; lastKnownFileType = sourcecode.swift; path = DrawerViewController.swift; sourceTree = "<group>"; };
		D6B02318273AB8E3008003F6 /* DrawAnimationTransitionDelegate.swift */ = {isa = PBXFileReference; fileEncoding = 4; lastKnownFileType = sourcecode.swift; path = DrawAnimationTransitionDelegate.swift; sourceTree = "<group>"; };
		D6B02319273AB8E3008003F6 /* DrawerAnimationController.swift */ = {isa = PBXFileReference; fileEncoding = 4; lastKnownFileType = sourcecode.swift; path = DrawerAnimationController.swift; sourceTree = "<group>"; };
		D6B0231A273AB8E3008003F6 /* HierarchyViewController.swift */ = {isa = PBXFileReference; fileEncoding = 4; lastKnownFileType = sourcecode.swift; path = HierarchyViewController.swift; sourceTree = "<group>"; };
		D6B0231B273AB8E3008003F6 /* ViewController07_UpdateNavigationBar.swift */ = {isa = PBXFileReference; fileEncoding = 4; lastKnownFileType = sourcecode.swift; path = ViewController07_UpdateNavigationBar.swift; sourceTree = "<group>"; };
		D6B0231C273AB8E3008003F6 /* FullPopGesture_ScrollView.swift */ = {isa = PBXFileReference; fileEncoding = 4; lastKnownFileType = sourcecode.swift; path = FullPopGesture_ScrollView.swift; sourceTree = "<group>"; };
		D6B0231D273AB8E3008003F6 /* FullPopGesture_PageViewController.swift */ = {isa = PBXFileReference; fileEncoding = 4; lastKnownFileType = sourcecode.swift; path = FullPopGesture_PageViewController.swift; sourceTree = "<group>"; };
		D6B0231E273AB8E3008003F6 /* FeatureTableViewController.swift */ = {isa = PBXFileReference; fileEncoding = 4; lastKnownFileType = sourcecode.swift; path = FeatureTableViewController.swift; sourceTree = "<group>"; };
		D6B02368273ABA7A008003F6 /* NXNavigationExtension.framework */ = {isa = PBXFileReference; explicitFileType = wrapper.framework; path = NXNavigationExtension.framework; sourceTree = BUILT_PRODUCTS_DIR; };
/* End PBXFileReference section */

/* Begin PBXFrameworksBuildPhase section */
		D6B022B1273AB780008003F6 /* Frameworks */ = {
			isa = PBXFrameworksBuildPhase;
			buildActionMask = 2147483647;
			files = (
				D64039D3273CB1AB0047F25E /* NXNavigationExtensionSwiftUI.framework in Frameworks */,
				D6B02369273ABA7A008003F6 /* NXNavigationExtension.framework in Frameworks */,
			);
			runOnlyForDeploymentPostprocessing = 0;
		};
/* End PBXFrameworksBuildPhase section */

/* Begin PBXGroup section */
		D6B022AB273AB780008003F6 = {
			isa = PBXGroup;
			children = (
				D6B022B6273AB780008003F6 /* NXNavigationExtensionDemo */,
				D6B02367273ABA7A008003F6 /* Frameworks */,
				D6B022B5273AB780008003F6 /* Products */,
			);
			sourceTree = "<group>";
		};
		D6B022B5273AB780008003F6 /* Products */ = {
			isa = PBXGroup;
			children = (
				D6B022B4273AB780008003F6 /* NXNavigationExtensionDemo.app */,
			);
			name = Products;
			sourceTree = "<group>";
		};
		D6B022B6273AB780008003F6 /* NXNavigationExtensionDemo */ = {
			isa = PBXGroup;
			children = (
				D6B022EF273AB8E3008003F6 /* Common */,
				D6B022D3273AB8E3008003F6 /* SwiftUI */,
				D6B022FD273AB8E3008003F6 /* UIKit */,
				D6B022CC273AB82B008003F6 /* Support Files */,
				D6B022CB273AB7AA008003F6 /* NXNavigationExtensionDemo.entitlements */,
			);
			path = NXNavigationExtensionDemo;
			sourceTree = "<group>";
		};
		D6B022CC273AB82B008003F6 /* Support Files */ = {
			isa = PBXGroup;
			children = (
				D6B022B7273AB780008003F6 /* AppDelegate.swift */,
				D6B022C0273AB781008003F6 /* Assets.xcassets */,
				D6B022C5273AB781008003F6 /* Info.plist */,
				D6B022C2273AB781008003F6 /* LaunchScreen.storyboard */,
			);
			path = "Support Files";
			sourceTree = "<group>";
		};
		D6B022D3273AB8E3008003F6 /* SwiftUI */ = {
			isa = PBXGroup;
			children = (
				D6B022D4273AB8E3008003F6 /* Advanced */,
				D6B022DD273AB8E3008003F6 /* Basic */,
				D6B022EA273AB8E3008003F6 /* Feature */,
			);
			path = SwiftUI;
			sourceTree = "<group>";
		};
		D6B022D4273AB8E3008003F6 /* Advanced */ = {
			isa = PBXGroup;
			children = (
				D6B022DC273AB8E3008003F6 /* View01_EdgePopGestureDisable.swift */,
				D6B022D7273AB8E3008003F6 /* View02_FullScreenPopGestureEnable.swift */,
				D6B022D5273AB8E3008003F6 /* View03_BackButtonEventIntercept.swift */,
				D6B022DA273AB8E3008003F6 /* View04_CustomNavigationBar.swift */,
				D6B022D8273AB8E3008003F6 /* View05_NavigationBarDisable.swift */,
				D6B022DB273AB8E3008003F6 /* View06_WebView.swift */,
				D6B022D9273AB8E3008003F6 /* View07_UpdateNavigationBar.swift */,
				D6B022D6273AB8E3008003F6 /* View08_NavigationRouter.swift */,
			);
			path = Advanced;
			sourceTree = "<group>";
		};
		D6B022DD273AB8E3008003F6 /* Basic */ = {
			isa = PBXGroup;
			children = (
				D6B022DF273AB8E3008003F6 /* View01_BackgroundColor.swift */,
				D6B022E6273AB8E3008003F6 /* View02_BackgrounddImage.swift */,
				D6B022E1273AB8E3008003F6 /* View03_Transparent.swift */,
				D6B022E7273AB8E3008003F6 /* View04_LikeSystemNavigationBar.swift */,
				D6B022E0273AB8E3008003F6 /* View05_ShadowColor.swift */,
				D6B022E8273AB8E3008003F6 /* View06_ShadowImage.swift */,
				D6B022E5273AB8E3008003F6 /* View07_CustomBackImage.swift */,
				D6B022E9273AB8E3008003F6 /* View08_CustomBackView.swift */,
				D6B022DE273AB8E3008003F6 /* View09_FullScreenColor.swift */,
				D6B022E2273AB8E3008003F6 /* View10_Present.swift */,
				D6B022E3273AB8E3008003F6 /* View11_ListView.swift */,
				D6B022E4273AB8E3008003F6 /* View12_ScrollViewContent.swift */,
			);
			path = Basic;
			sourceTree = "<group>";
		};
		D6B022EA273AB8E3008003F6 /* Feature */ = {
			isa = PBXGroup;
			children = (
				D6B022EB273AB8E3008003F6 /* ColorListView.swift */,
				D6B022EC273AB8E3008003F6 /* ColorScrollView.swift */,
				D6B022ED273AB8E3008003F6 /* FeatureDetailView.swift */,
				D6B022EE273AB8E3008003F6 /* FeatureListView.swift */,
			);
			path = Feature;
			sourceTree = "<group>";
		};
		D6B022EF273AB8E3008003F6 /* Common */ = {
			isa = PBXGroup;
			children = (
				D6B022F6273AB8E3008003F6 /* Controllers */,
				D6B022F4273AB8E3008003F6 /* Extensions */,
				D6B022F0273AB8E3008003F6 /* Models */,
				D6B022FB273AB8E3008003F6 /* Views */,
			);
			path = Common;
			sourceTree = "<group>";
		};
		D6B022F0273AB8E3008003F6 /* Models */ = {
			isa = PBXGroup;
			children = (
				D6B022F1273AB8E3008003F6 /* NavigationBackEvent.swift */,
				D6B022F3273AB8E3008003F6 /* NavigationFeature.swift */,
				D6B022F2273AB8E3008003F6 /* NavigationRedirect.swift */,
			);
			path = Models;
			sourceTree = "<group>";
		};
		D6B022F4273AB8E3008003F6 /* Extensions */ = {
			isa = PBXGroup;
			children = (
				D6B022F5273AB8E3008003F6 /* Extensions.swift */,
			);
			path = Extensions;
			sourceTree = "<group>";
		};
		D6B022F6273AB8E3008003F6 /* Controllers */ = {
			isa = PBXGroup;
			children = (
				D6B022FA273AB8E3008003F6 /* BaseNavigationController.swift */,
				D6B022F7273AB8E3008003F6 /* BaseTableViewController.swift */,
				D6B022F8273AB8E3008003F6 /* MainTabBarController.swift */,
				D6B022F9273AB8E3008003F6 /* SplitAdaptorViewController.swift */,
			);
			path = Controllers;
			sourceTree = "<group>";
		};
		D6B022FB273AB8E3008003F6 /* Views */ = {
			isa = PBXGroup;
			children = (
				D6B022FC273AB8E3008003F6 /* ContentView.swift */,
			);
			path = Views;
			sourceTree = "<group>";
		};
		D6B022FD273AB8E3008003F6 /* UIKit */ = {
			isa = PBXGroup;
			children = (
				D6B022FE273AB8E3008003F6 /* Advanced */,
				D6B02307273AB8E3008003F6 /* Basic */,
				D6B02315273AB8E3008003F6 /* Feature */,
			);
			path = UIKit;
			sourceTree = "<group>";
		};
		D6B022FE273AB8E3008003F6 /* Advanced */ = {
			isa = PBXGroup;
			children = (
				D6B022FF273AB8E3008003F6 /* ViewController01_EdgePopGestureDisable.swift */,
				D6B02306273AB8E3008003F6 /* ViewController02_FullScreenPopGestureEnable.swift */,
				D6B02300273AB8E3008003F6 /* ViewController03_BackButtonEventIntercept.swift */,
				D6B02304273AB8E3008003F6 /* ViewController04_CustomNavigationBar.swift */,
				D6B02301273AB8E3008003F6 /* ViewController05_NavigationBarDisable.swift */,
				D6B02302273AB8E3008003F6 /* ViewController06_WebView.swift */,
				D6B0231B273AB8E3008003F6 /* ViewController07_UpdateNavigationBar.swift */,
				D6B02303273AB8E3008003F6 /* ViewController08_RedirectViewController.swift */,
				D6B02305273AB8E3008003F6 /* ViewController09_ScrollChangeNavigationBar.swift */,
			);
			path = Advanced;
			sourceTree = "<group>";
		};
		D6B02307273AB8E3008003F6 /* Basic */ = {
			isa = PBXGroup;
			children = (
				D6B0230F273AB8E3008003F6 /* ViewController01_BackgroundColor.swift */,
				D6B0230E273AB8E3008003F6 /* ViewController02_BackgroundImage.swift */,
				D6B02310273AB8E3008003F6 /* ViewController03_Transparent.swift */,
				D6B0230B273AB8E3008003F6 /* ViewController04_LikeSystemNavigationBar.swift */,
				D6B02314273AB8E3008003F6 /* ViewController05_ShadowColor.swift */,
				D6B02309273AB8E3008003F6 /* ViewController06_ShadowImage.swift */,
				D6B02313273AB8E3008003F6 /* ViewController07_CustomBackImage.swift */,
				D6B0230D273AB8E3008003F6 /* ViewController08_CustomBackView.swift */,
				D6B02312273AB8E3008003F6 /* ViewController09_FullScreenColor.swift */,
				D6B0230A273AB8E3008003F6 /* ViewController10_Present.swift */,
				D6B02308273AB8E3008003F6 /* ViewController11_TableViewController.swift */,
				D6B0230C273AB8E3008003F6 /* ViewController12_TableViewControllerWithFullScreen.swift */,
				D6B02311273AB8E3008003F6 /* ViewController13_CustomBlurNavigationBar.swift */,
			);
			path = Basic;
			sourceTree = "<group>";
		};
		D6B02315273AB8E3008003F6 /* Feature */ = {
			isa = PBXGroup;
			children = (
				D6B02316273AB8E3008003F6 /* Drawer */,
				D6B0231E273AB8E3008003F6 /* FeatureTableViewController.swift */,
				D6B0231D273AB8E3008003F6 /* FullPopGesture_PageViewController.swift */,
				D6B0231C273AB8E3008003F6 /* FullPopGesture_ScrollView.swift */,
				D6B0231A273AB8E3008003F6 /* HierarchyViewController.swift */,
			);
			path = Feature;
			sourceTree = "<group>";
		};
		D6B02316273AB8E3008003F6 /* Drawer */ = {
			isa = PBXGroup;
			children = (
				D6B02318273AB8E3008003F6 /* DrawAnimationTransitionDelegate.swift */,
				D6B02319273AB8E3008003F6 /* DrawerAnimationController.swift */,
				D6B02317273AB8E3008003F6 /* DrawerViewController.swift */,
			);
			path = Drawer;
			sourceTree = "<group>";
		};
		D6B02367273ABA7A008003F6 /* Frameworks */ = {
			isa = PBXGroup;
			children = (
				D64039D2273CB1AB0047F25E /* NXNavigationExtensionSwiftUI.framework */,
				D6B02368273ABA7A008003F6 /* NXNavigationExtension.framework */,
			);
			name = Frameworks;
			sourceTree = "<group>";
		};
/* End PBXGroup section */

/* Begin PBXNativeTarget section */
		D6B022B3273AB780008003F6 /* NXNavigationExtensionDemo */ = {
			isa = PBXNativeTarget;
			buildConfigurationList = D6B022C8273AB781008003F6 /* Build configuration list for PBXNativeTarget "NXNavigationExtensionDemo" */;
			buildPhases = (
				D6B022B0273AB780008003F6 /* Sources */,
				D6B022B1273AB780008003F6 /* Frameworks */,
				D6B022B2273AB780008003F6 /* Resources */,
				D6B0236B273ABA7A008003F6 /* Embed Frameworks */,
			);
			buildRules = (
			);
			dependencies = (
			);
			name = NXNavigationExtensionDemo;
			productName = NXNavigationExtensionDemo;
			productReference = D6B022B4273AB780008003F6 /* NXNavigationExtensionDemo.app */;
			productType = "com.apple.product-type.application";
		};
/* End PBXNativeTarget section */

/* Begin PBXProject section */
		D6B022AC273AB780008003F6 /* Project object */ = {
			isa = PBXProject;
			attributes = {
				BuildIndependentTargetsInParallel = 1;
				LastSwiftUpdateCheck = 1310;
				LastUpgradeCheck = 1310;
				TargetAttributes = {
					D6B022B3273AB780008003F6 = {
						CreatedOnToolsVersion = 13.1;
					};
				};
			};
			buildConfigurationList = D6B022AF273AB780008003F6 /* Build configuration list for PBXProject "NXNavigationExtensionDemo" */;
			compatibilityVersion = "Xcode 13.0";
			developmentRegion = en;
			hasScannedForEncodings = 0;
			knownRegions = (
				en,
				Base,
			);
			mainGroup = D6B022AB273AB780008003F6;
			productRefGroup = D6B022B5273AB780008003F6 /* Products */;
			projectDirPath = "";
			projectRoot = "";
			targets = (
				D6B022B3273AB780008003F6 /* NXNavigationExtensionDemo */,
			);
		};
/* End PBXProject section */

/* Begin PBXResourcesBuildPhase section */
		D6B022B2273AB780008003F6 /* Resources */ = {
			isa = PBXResourcesBuildPhase;
			buildActionMask = 2147483647;
			files = (
				D6B022C4273AB781008003F6 /* LaunchScreen.storyboard in Resources */,
				D6B022C1273AB781008003F6 /* Assets.xcassets in Resources */,
			);
			runOnlyForDeploymentPostprocessing = 0;
		};
/* End PBXResourcesBuildPhase section */

/* Begin PBXSourcesBuildPhase section */
		D6B022B0273AB780008003F6 /* Sources */ = {
			isa = PBXSourcesBuildPhase;
			buildActionMask = 2147483647;
			files = (
				D6B02353273AB8E3008003F6 /* ViewController08_CustomBackView.swift in Sources */,
				D6B0235D273AB8E3008003F6 /* DrawerAnimationController.swift in Sources */,
				D6B0232E273AB8E3008003F6 /* View01_BackgroundColor.swift in Sources */,
				D6B02360273AB8E3008003F6 /* FullPopGesture_ScrollView.swift in Sources */,
				D6B0233E273AB8E3008003F6 /* NavigationRedirect.swift in Sources */,
				D6B02359273AB8E3008003F6 /* ViewController07_CustomBackImage.swift in Sources */,
				D6B02343273AB8E3008003F6 /* SplitAdaptorViewController.swift in Sources */,
				D6B02337273AB8E3008003F6 /* View06_ShadowImage.swift in Sources */,
				D6B02338273AB8E3008003F6 /* View08_CustomBackView.swift in Sources */,
				D6B02361273AB8E3008003F6 /* FullPopGesture_PageViewController.swift in Sources */,
				D6B02354273AB8E3008003F6 /* ViewController02_BackgroundImage.swift in Sources */,
				D6B0234D273AB8E3008003F6 /* ViewController02_FullScreenPopGestureEnable.swift in Sources */,
				D6B0232F273AB8E3008003F6 /* View05_ShadowColor.swift in Sources */,
				D6B0234B273AB8E3008003F6 /* ViewController04_CustomNavigationBar.swift in Sources */,
				D6B0235E273AB8E3008003F6 /* HierarchyViewController.swift in Sources */,
				D6B02332273AB8E3008003F6 /* View11_ListView.swift in Sources */,
				D6B02351273AB8E3008003F6 /* ViewController04_LikeSystemNavigationBar.swift in Sources */,
				D6B0233D273AB8E3008003F6 /* NavigationBackEvent.swift in Sources */,
				D6B02357273AB8E3008003F6 /* ViewController13_CustomBlurNavigationBar.swift in Sources */,
				D6B02340273AB8E3008003F6 /* Extensions.swift in Sources */,
				D6B0234E273AB8E3008003F6 /* ViewController11_TableViewController.swift in Sources */,
				D6B02355273AB8E3008003F6 /* ViewController01_BackgroundColor.swift in Sources */,
				D6B0234C273AB8E3008003F6 /* ViewController09_ScrollChangeNavigationBar.swift in Sources */,
				D6B02348273AB8E3008003F6 /* ViewController05_NavigationBarDisable.swift in Sources */,
				D6B02325273AB8E3008003F6 /* View03_BackButtonEventIntercept.swift in Sources */,
				D6B0232C273AB8E3008003F6 /* View01_EdgePopGestureDisable.swift in Sources */,
				D6B0232B273AB8E3008003F6 /* View06_WebView.swift in Sources */,
				D6B02346273AB8E3008003F6 /* ViewController01_EdgePopGestureDisable.swift in Sources */,
				D6B0233F273AB8E3008003F6 /* NavigationFeature.swift in Sources */,
				D6B02341273AB8E3008003F6 /* BaseTableViewController.swift in Sources */,
				D6B0233A273AB8E3008003F6 /* ColorScrollView.swift in Sources */,
				D6B02335273AB8E3008003F6 /* View02_BackgrounddImage.swift in Sources */,
				D6B02331273AB8E3008003F6 /* View10_Present.swift in Sources */,
				D6B02333273AB8E3008003F6 /* View12_ScrollViewContent.swift in Sources */,
				D6B02350273AB8E3008003F6 /* ViewController10_Present.swift in Sources */,
				D6B0233B273AB8E3008003F6 /* FeatureDetailView.swift in Sources */,
				D6B022B8273AB780008003F6 /* AppDelegate.swift in Sources */,
				D6B0235B273AB8E3008003F6 /* DrawerViewController.swift in Sources */,
				D6B02328273AB8E3008003F6 /* View05_NavigationBarDisable.swift in Sources */,
				D6B02362273AB8E3008003F6 /* FeatureTableViewController.swift in Sources */,
				D6B0235F273AB8E3008003F6 /* ViewController07_UpdateNavigationBar.swift in Sources */,
				D6B02358273AB8E3008003F6 /* ViewController09_FullScreenColor.swift in Sources */,
				D6B02347273AB8E3008003F6 /* ViewController03_BackButtonEventIntercept.swift in Sources */,
				D6B02330273AB8E3008003F6 /* View03_Transparent.swift in Sources */,
				D6B02356273AB8E3008003F6 /* ViewController03_Transparent.swift in Sources */,
				D6B02352273AB8E3008003F6 /* ViewController12_TableViewControllerWithFullScreen.swift in Sources */,
				D6B02327273AB8E3008003F6 /* View02_FullScreenPopGestureEnable.swift in Sources */,
				D6B0234F273AB8E3008003F6 /* ViewController06_ShadowImage.swift in Sources */,
				D6B0233C273AB8E3008003F6 /* FeatureListView.swift in Sources */,
				D6B0235C273AB8E3008003F6 /* DrawAnimationTransitionDelegate.swift in Sources */,
				D6B0234A273AB8E3008003F6 /* ViewController08_RedirectViewController.swift in Sources */,
				D6B02345273AB8E3008003F6 /* ContentView.swift in Sources */,
				D6B02349273AB8E3008003F6 /* ViewController06_WebView.swift in Sources */,
				D6B02336273AB8E3008003F6 /* View04_LikeSystemNavigationBar.swift in Sources */,
				D6B0232D273AB8E3008003F6 /* View09_FullScreenColor.swift in Sources */,
				D6B02329273AB8E3008003F6 /* View07_UpdateNavigationBar.swift in Sources */,
				D6B02326273AB8E3008003F6 /* View08_NavigationRouter.swift in Sources */,
				D6B02334273AB8E3008003F6 /* View07_CustomBackImage.swift in Sources */,
				D6B02344273AB8E3008003F6 /* BaseNavigationController.swift in Sources */,
				D6B02342273AB8E3008003F6 /* MainTabBarController.swift in Sources */,
				D6B0235A273AB8E3008003F6 /* ViewController05_ShadowColor.swift in Sources */,
				D6B02339273AB8E3008003F6 /* ColorListView.swift in Sources */,
				D6B0232A273AB8E3008003F6 /* View04_CustomNavigationBar.swift in Sources */,
			);
			runOnlyForDeploymentPostprocessing = 0;
		};
/* End PBXSourcesBuildPhase section */

/* Begin PBXVariantGroup section */
		D6B022C2273AB781008003F6 /* LaunchScreen.storyboard */ = {
			isa = PBXVariantGroup;
			children = (
				D6B022C3273AB781008003F6 /* Base */,
			);
			name = LaunchScreen.storyboard;
			path = .;
			sourceTree = "<group>";
		};
/* End PBXVariantGroup section */

/* Begin XCBuildConfiguration section */
		D6B022C6273AB781008003F6 /* Debug */ = {
			isa = XCBuildConfiguration;
			buildSettings = {
				ALWAYS_SEARCH_USER_PATHS = NO;
				CLANG_ANALYZER_NONNULL = YES;
				CLANG_ANALYZER_NUMBER_OBJECT_CONVERSION = YES_AGGRESSIVE;
				CLANG_CXX_LANGUAGE_STANDARD = "gnu++17";
				CLANG_CXX_LIBRARY = "libc++";
				CLANG_ENABLE_MODULES = YES;
				CLANG_ENABLE_OBJC_ARC = YES;
				CLANG_ENABLE_OBJC_WEAK = YES;
				CLANG_WARN_BLOCK_CAPTURE_AUTORELEASING = YES;
				CLANG_WARN_BOOL_CONVERSION = YES;
				CLANG_WARN_COMMA = YES;
				CLANG_WARN_CONSTANT_CONVERSION = YES;
				CLANG_WARN_DEPRECATED_OBJC_IMPLEMENTATIONS = YES;
				CLANG_WARN_DIRECT_OBJC_ISA_USAGE = YES_ERROR;
				CLANG_WARN_DOCUMENTATION_COMMENTS = YES;
				CLANG_WARN_EMPTY_BODY = YES;
				CLANG_WARN_ENUM_CONVERSION = YES;
				CLANG_WARN_INFINITE_RECURSION = YES;
				CLANG_WARN_INT_CONVERSION = YES;
				CLANG_WARN_NON_LITERAL_NULL_CONVERSION = YES;
				CLANG_WARN_OBJC_IMPLICIT_RETAIN_SELF = YES;
				CLANG_WARN_OBJC_LITERAL_CONVERSION = YES;
				CLANG_WARN_OBJC_ROOT_CLASS = YES_ERROR;
				CLANG_WARN_QUOTED_INCLUDE_IN_FRAMEWORK_HEADER = YES;
				CLANG_WARN_RANGE_LOOP_ANALYSIS = YES;
				CLANG_WARN_STRICT_PROTOTYPES = YES;
				CLANG_WARN_SUSPICIOUS_MOVE = YES;
				CLANG_WARN_UNGUARDED_AVAILABILITY = YES_AGGRESSIVE;
				CLANG_WARN_UNREACHABLE_CODE = YES;
				CLANG_WARN__DUPLICATE_METHOD_MATCH = YES;
				COPY_PHASE_STRIP = NO;
				DEBUG_INFORMATION_FORMAT = dwarf;
				ENABLE_STRICT_OBJC_MSGSEND = YES;
				ENABLE_TESTABILITY = YES;
				GCC_C_LANGUAGE_STANDARD = gnu11;
				GCC_DYNAMIC_NO_PIC = NO;
				GCC_NO_COMMON_BLOCKS = YES;
				GCC_OPTIMIZATION_LEVEL = 0;
				GCC_PREPROCESSOR_DEFINITIONS = (
					"DEBUG=1",
					"$(inherited)",
				);
				GCC_WARN_64_TO_32_BIT_CONVERSION = YES;
				GCC_WARN_ABOUT_RETURN_TYPE = YES_ERROR;
				GCC_WARN_UNDECLARED_SELECTOR = YES;
				GCC_WARN_UNINITIALIZED_AUTOS = YES_AGGRESSIVE;
				GCC_WARN_UNUSED_FUNCTION = YES;
				GCC_WARN_UNUSED_VARIABLE = YES;
				IPHONEOS_DEPLOYMENT_TARGET = 9.0;
				MTL_ENABLE_DEBUG_INFO = INCLUDE_SOURCE;
				MTL_FAST_MATH = YES;
				ONLY_ACTIVE_ARCH = YES;
				SDKROOT = iphoneos;
				SWIFT_ACTIVE_COMPILATION_CONDITIONS = DEBUG;
				SWIFT_OPTIMIZATION_LEVEL = "-Onone";
			};
			name = Debug;
		};
		D6B022C7273AB781008003F6 /* Release */ = {
			isa = XCBuildConfiguration;
			buildSettings = {
				ALWAYS_SEARCH_USER_PATHS = NO;
				CLANG_ANALYZER_NONNULL = YES;
				CLANG_ANALYZER_NUMBER_OBJECT_CONVERSION = YES_AGGRESSIVE;
				CLANG_CXX_LANGUAGE_STANDARD = "gnu++17";
				CLANG_CXX_LIBRARY = "libc++";
				CLANG_ENABLE_MODULES = YES;
				CLANG_ENABLE_OBJC_ARC = YES;
				CLANG_ENABLE_OBJC_WEAK = YES;
				CLANG_WARN_BLOCK_CAPTURE_AUTORELEASING = YES;
				CLANG_WARN_BOOL_CONVERSION = YES;
				CLANG_WARN_COMMA = YES;
				CLANG_WARN_CONSTANT_CONVERSION = YES;
				CLANG_WARN_DEPRECATED_OBJC_IMPLEMENTATIONS = YES;
				CLANG_WARN_DIRECT_OBJC_ISA_USAGE = YES_ERROR;
				CLANG_WARN_DOCUMENTATION_COMMENTS = YES;
				CLANG_WARN_EMPTY_BODY = YES;
				CLANG_WARN_ENUM_CONVERSION = YES;
				CLANG_WARN_INFINITE_RECURSION = YES;
				CLANG_WARN_INT_CONVERSION = YES;
				CLANG_WARN_NON_LITERAL_NULL_CONVERSION = YES;
				CLANG_WARN_OBJC_IMPLICIT_RETAIN_SELF = YES;
				CLANG_WARN_OBJC_LITERAL_CONVERSION = YES;
				CLANG_WARN_OBJC_ROOT_CLASS = YES_ERROR;
				CLANG_WARN_QUOTED_INCLUDE_IN_FRAMEWORK_HEADER = YES;
				CLANG_WARN_RANGE_LOOP_ANALYSIS = YES;
				CLANG_WARN_STRICT_PROTOTYPES = YES;
				CLANG_WARN_SUSPICIOUS_MOVE = YES;
				CLANG_WARN_UNGUARDED_AVAILABILITY = YES_AGGRESSIVE;
				CLANG_WARN_UNREACHABLE_CODE = YES;
				CLANG_WARN__DUPLICATE_METHOD_MATCH = YES;
				COPY_PHASE_STRIP = NO;
				DEBUG_INFORMATION_FORMAT = "dwarf-with-dsym";
				ENABLE_NS_ASSERTIONS = NO;
				ENABLE_STRICT_OBJC_MSGSEND = YES;
				GCC_C_LANGUAGE_STANDARD = gnu11;
				GCC_NO_COMMON_BLOCKS = YES;
				GCC_WARN_64_TO_32_BIT_CONVERSION = YES;
				GCC_WARN_ABOUT_RETURN_TYPE = YES_ERROR;
				GCC_WARN_UNDECLARED_SELECTOR = YES;
				GCC_WARN_UNINITIALIZED_AUTOS = YES_AGGRESSIVE;
				GCC_WARN_UNUSED_FUNCTION = YES;
				GCC_WARN_UNUSED_VARIABLE = YES;
				IPHONEOS_DEPLOYMENT_TARGET = 9.0;
				MTL_ENABLE_DEBUG_INFO = NO;
				MTL_FAST_MATH = YES;
				SDKROOT = iphoneos;
				SWIFT_COMPILATION_MODE = wholemodule;
				SWIFT_OPTIMIZATION_LEVEL = "-O";
				VALIDATE_PRODUCT = YES;
			};
			name = Release;
		};
		D6B022C9273AB781008003F6 /* Debug */ = {
			isa = XCBuildConfiguration;
			buildSettings = {
				ASSETCATALOG_COMPILER_APPICON_NAME = AppIcon;
				ASSETCATALOG_COMPILER_GLOBAL_ACCENT_COLOR_NAME = AccentColor;
				CODE_SIGN_ENTITLEMENTS = NXNavigationExtensionDemo/NXNavigationExtensionDemo.entitlements;
				CODE_SIGN_STYLE = Automatic;
				CURRENT_PROJECT_VERSION = 1;
				DEVELOPMENT_TEAM = VV54GVQ3K7;
				GENERATE_INFOPLIST_FILE = YES;
				INFOPLIST_FILE = "NXNavigationExtensionDemo/Support Files/Info.plist";
				INFOPLIST_KEY_UIApplicationSupportsIndirectInputEvents = YES;
				INFOPLIST_KEY_UILaunchStoryboardName = LaunchScreen;
				INFOPLIST_KEY_UIStatusBarHidden = YES;
				INFOPLIST_KEY_UISupportedInterfaceOrientations = "UIInterfaceOrientationPortrait UIInterfaceOrientationLandscapeLeft UIInterfaceOrientationLandscapeRight";
				INFOPLIST_KEY_UISupportedInterfaceOrientations_iPad = "UIInterfaceOrientationPortrait UIInterfaceOrientationPortraitUpsideDown UIInterfaceOrientationLandscapeLeft UIInterfaceOrientationLandscapeRight";
				INFOPLIST_KEY_UISupportedInterfaceOrientations_iPhone = "UIInterfaceOrientationPortrait UIInterfaceOrientationLandscapeLeft UIInterfaceOrientationLandscapeRight";
				LD_RUNPATH_SEARCH_PATHS = (
					"$(inherited)",
					"@executable_path/Frameworks",
				);
				MARKETING_VERSION = 2.0;
				PRODUCT_BUNDLE_IDENTIFIER = com.github.l1dan.NXNavigationExtensionDemo;
				PRODUCT_NAME = "$(TARGET_NAME)";
				SUPPORTS_MACCATALYST = YES;
				SWIFT_EMIT_LOC_STRINGS = YES;
				SWIFT_VERSION = 5.0;
				TARGETED_DEVICE_FAMILY = "1,2";
			};
			name = Debug;
		};
		D6B022CA273AB781008003F6 /* Release */ = {
			isa = XCBuildConfiguration;
			buildSettings = {
				ASSETCATALOG_COMPILER_APPICON_NAME = AppIcon;
				ASSETCATALOG_COMPILER_GLOBAL_ACCENT_COLOR_NAME = AccentColor;
				CODE_SIGN_ENTITLEMENTS = NXNavigationExtensionDemo/NXNavigationExtensionDemo.entitlements;
				CODE_SIGN_STYLE = Automatic;
				CURRENT_PROJECT_VERSION = 1;
				DEVELOPMENT_TEAM = VV54GVQ3K7;
				GENERATE_INFOPLIST_FILE = YES;
				INFOPLIST_FILE = "NXNavigationExtensionDemo/Support Files/Info.plist";
				INFOPLIST_KEY_UIApplicationSupportsIndirectInputEvents = YES;
				INFOPLIST_KEY_UILaunchStoryboardName = LaunchScreen;
				INFOPLIST_KEY_UIStatusBarHidden = YES;
				INFOPLIST_KEY_UISupportedInterfaceOrientations = "UIInterfaceOrientationPortrait UIInterfaceOrientationLandscapeLeft UIInterfaceOrientationLandscapeRight";
				INFOPLIST_KEY_UISupportedInterfaceOrientations_iPad = "UIInterfaceOrientationPortrait UIInterfaceOrientationPortraitUpsideDown UIInterfaceOrientationLandscapeLeft UIInterfaceOrientationLandscapeRight";
				INFOPLIST_KEY_UISupportedInterfaceOrientations_iPhone = "UIInterfaceOrientationPortrait UIInterfaceOrientationLandscapeLeft UIInterfaceOrientationLandscapeRight";
				LD_RUNPATH_SEARCH_PATHS = (
					"$(inherited)",
					"@executable_path/Frameworks",
				);
				MARKETING_VERSION = 2.0;
				PRODUCT_BUNDLE_IDENTIFIER = com.github.l1dan.NXNavigationExtensionDemo;
				PRODUCT_NAME = "$(TARGET_NAME)";
				SUPPORTS_MACCATALYST = YES;
				SWIFT_EMIT_LOC_STRINGS = YES;
				SWIFT_VERSION = 5.0;
				TARGETED_DEVICE_FAMILY = "1,2";
			};
			name = Release;
		};
/* End XCBuildConfiguration section */

/* Begin XCConfigurationList section */
		D6B022AF273AB780008003F6 /* Build configuration list for PBXProject "NXNavigationExtensionDemo" */ = {
			isa = XCConfigurationList;
			buildConfigurations = (
				D6B022C6273AB781008003F6 /* Debug */,
				D6B022C7273AB781008003F6 /* Release */,
			);
			defaultConfigurationIsVisible = 0;
			defaultConfigurationName = Release;
		};
		D6B022C8273AB781008003F6 /* Build configuration list for PBXNativeTarget "NXNavigationExtensionDemo" */ = {
			isa = XCConfigurationList;
			buildConfigurations = (
				D6B022C9273AB781008003F6 /* Debug */,
				D6B022CA273AB781008003F6 /* Release */,
			);
			defaultConfigurationIsVisible = 0;
			defaultConfigurationName = Release;
		};
/* End XCConfigurationList section */
	};
	rootObject = D6B022AC273AB780008003F6 /* Project object */;
}
